
Microsoft Visual Studio Solution File, Format Version 9.00
# Visual C# Express 2005
Project("{FAE04EC0-301F-11D3-BF4B-00C04F79EFBC}") = "Ftp", "Ftp\Ftp.csproj", "{807EA345-BE77-43E7-B137-67594E0823CD}"
EndProject
Project("{FAE04EC0-301F-11D3-BF4B-00C04F79EFBC}") = "SimPE-FTP", "CommandlineFtp\SimPE-FTP.csproj", "{341FFDD4-A697-4D52-8056-A387586FC8DF}"
EndProject
Global
	GlobalSection(SolutionConfigurationPlatforms) = preSolution
		Debug|Any CPU = Debug|Any CPU
		Release|Any CPU = Release|Any CPU
	EndGlobalSection
	GlobalSection(ProjectConfigurationPlatforms) = postSolution
		{807EA345-BE77-43E7-B137-67594E0823CD}.Debug|Any CPU.ActiveCfg = Debug|Any CPU
		{807EA345-BE77-43E7-B137-67594E0823CD}.Debug|Any CPU.Build.0 = Debug|Any CPU
		{807EA345-BE77-43E7-B137-67594E0823CD}.Release|Any CPU.ActiveCfg = Release|Any CPU
		{807EA345-BE77-43E7-B137-67594E0823CD}.Release|Any CPU.Build.0 = Release|Any CPU
		{341FFDD4-A697-4D52-8056-A387586FC8DF}.Debug|Any CPU.ActiveCfg = Debug|Any CPU
		{341FFDD4-A697-4D52-8056-A387586FC8DF}.Debug|Any CPU.Build.0 = Debug|Any CPU
		{341FFDD4-A697-4D52-8056-A387586FC8DF}.Release|Any CPU.ActiveCfg = Release|Any CPU
		{341FFDD4-A697-4D52-8056-A387586FC8DF}.Release|Any CPU.Build.0 = Release|Any CPU
	EndGlobalSection
	GlobalSection(SolutionProperties) = preSolution
		HideSolutionNode = FALSE
	EndGlobalSection
EndGlobal
