Microsoft Visual Studio Solution File, Format Version 8.00
Project("{FAE04EC0-301F-11D3-BF4B-00C04F79EFBC}") = "SimPe Dockbox", "SimPe Dockbox.csproj", "{5C259432-EF3E-4BAA-BB2F-28E1459FD0D9}"
	ProjectSection(ProjectDependencies) = postProject
	EndProjectSection
EndProject
Project("{FAE04EC0-301F-11D3-BF4B-00C04F79EFBC}") = "SimPe 3IDR", "..\SimPe 3IDR\SimPe 3IDR.csproj", "{37D97490-DC9F-4DB7-9215-998C6BC06078}"
	ProjectSection(ProjectDependencies) = postProject
	EndProjectSection
EndProject
Project("{FAE04EC0-301F-11D3-BF4B-00C04F79EFBC}") = "SimPe HandlerCommon", "..\SimPe HandlerCommon\SimPe HandlerCommon.csproj", "{A4CC48FD-9574-4F0B-B721-9E8C1B1E6A8A}"
	ProjectSection(ProjectDependencies) = postProject
	EndProjectSection
EndProject
Project("{FAE04EC0-301F-11D3-BF4B-00C04F79EFBC}") = "SimPe Helper", "..\SimPe Helper\SimPe Helper.csproj", "{59E3C353-1350-42D8-A045-CBBAD232F228}"
	ProjectSection(ProjectDependencies) = postProject
	EndProjectSection
EndProject
Project("{FAE04EC0-301F-11D3-BF4B-00C04F79EFBC}") = "SimPe Interfaces", "..\SimPe Interfaces\SimPe Interfaces.csproj", "{74FCBBEC-105A-4006-A1FC-8EF4F80FD2D7}"
	ProjectSection(ProjectDependencies) = postProject
	EndProjectSection
EndProject
Project("{FAE04EC0-301F-11D3-BF4B-00C04F79EFBC}") = "SimPe Packages", "..\SimPe Packages\SimPe Packages.csproj", "{1C6C45BF-FE19-4C23-B327-01F45B0F269C}"
	ProjectSection(ProjectDependencies) = postProject
	EndProjectSection
EndProject
Project("{FAE04EC0-301F-11D3-BF4B-00C04F79EFBC}") = "SimPe Scenegraph", "..\SimPe Scenegraph\SimPe Scenegraph.csproj", "{1151A88B-47AF-41DA-BCDF-DEFED0CC326E}"
	ProjectSection(ProjectDependencies) = postProject
	EndProjectSection
EndProject
Project("{FAE04EC0-301F-11D3-BF4B-00C04F79EFBC}") = "SimPe Workspace Helper", "..\SimPe Workspace Helper\SimPe Workspace Helper.csproj", "{45021667-BAD2-4ECA-8423-F4734F914CBB}"
	ProjectSection(ProjectDependencies) = postProject
	EndProjectSection
EndProject
Global
	GlobalSection(SolutionConfiguration) = preSolution
		Debug = Debug
		Debug Txtr = Debug Txtr
		Release = Release
		Release MAC = Release MAC
		Release PLJ = Release PLJ
	EndGlobalSection
	GlobalSection(ProjectConfiguration) = postSolution
		{5C259432-EF3E-4BAA-BB2F-28E1459FD0D9}.Debug.ActiveCfg = Debug|.NET
		{5C259432-EF3E-4BAA-BB2F-28E1459FD0D9}.Debug.Build.0 = Debug|.NET
		{5C259432-EF3E-4BAA-BB2F-28E1459FD0D9}.Debug Txtr.ActiveCfg = Debug|.NET
		{5C259432-EF3E-4BAA-BB2F-28E1459FD0D9}.Debug Txtr.Build.0 = Debug|.NET
		{5C259432-EF3E-4BAA-BB2F-28E1459FD0D9}.Release.ActiveCfg = Release|.NET
		{5C259432-EF3E-4BAA-BB2F-28E1459FD0D9}.Release.Build.0 = Release|.NET
		{5C259432-EF3E-4BAA-BB2F-28E1459FD0D9}.Release MAC.ActiveCfg = Release MAC|.NET
		{5C259432-EF3E-4BAA-BB2F-28E1459FD0D9}.Release MAC.Build.0 = Release MAC|.NET
		{5C259432-EF3E-4BAA-BB2F-28E1459FD0D9}.Release PLJ.ActiveCfg = Release MAC|.NET
		{5C259432-EF3E-4BAA-BB2F-28E1459FD0D9}.Release PLJ.Build.0 = Release MAC|.NET
		{37D97490-DC9F-4DB7-9215-998C6BC06078}.Debug.ActiveCfg = Debug|.NET
		{37D97490-DC9F-4DB7-9215-998C6BC06078}.Debug.Build.0 = Debug|.NET
		{37D97490-DC9F-4DB7-9215-998C6BC06078}.Debug Txtr.ActiveCfg = Debug Txtr|.NET
		{37D97490-DC9F-4DB7-9215-998C6BC06078}.Debug Txtr.Build.0 = Debug Txtr|.NET
		{37D97490-DC9F-4DB7-9215-998C6BC06078}.Release.ActiveCfg = Release|.NET
		{37D97490-DC9F-4DB7-9215-998C6BC06078}.Release.Build.0 = Release|.NET
		{37D97490-DC9F-4DB7-9215-998C6BC06078}.Release MAC.ActiveCfg = Release MAC|.NET
		{37D97490-DC9F-4DB7-9215-998C6BC06078}.Release MAC.Build.0 = Release MAC|.NET
		{37D97490-DC9F-4DB7-9215-998C6BC06078}.Release PLJ.ActiveCfg = Release PLJ|.NET
		{37D97490-DC9F-4DB7-9215-998C6BC06078}.Release PLJ.Build.0 = Release PLJ|.NET
		{A4CC48FD-9574-4F0B-B721-9E8C1B1E6A8A}.Debug.ActiveCfg = Debug|.NET
		{A4CC48FD-9574-4F0B-B721-9E8C1B1E6A8A}.Debug.Build.0 = Debug|.NET
		{A4CC48FD-9574-4F0B-B721-9E8C1B1E6A8A}.Debug Txtr.ActiveCfg = Debug Txtr|.NET
		{A4CC48FD-9574-4F0B-B721-9E8C1B1E6A8A}.Debug Txtr.Build.0 = Debug Txtr|.NET
		{A4CC48FD-9574-4F0B-B721-9E8C1B1E6A8A}.Release.ActiveCfg = Release|.NET
		{A4CC48FD-9574-4F0B-B721-9E8C1B1E6A8A}.Release.Build.0 = Release|.NET
		{A4CC48FD-9574-4F0B-B721-9E8C1B1E6A8A}.Release MAC.ActiveCfg = Release MAC|.NET
		{A4CC48FD-9574-4F0B-B721-9E8C1B1E6A8A}.Release MAC.Build.0 = Release MAC|.NET
		{A4CC48FD-9574-4F0B-B721-9E8C1B1E6A8A}.Release PLJ.ActiveCfg = Release PLJ|.NET
		{A4CC48FD-9574-4F0B-B721-9E8C1B1E6A8A}.Release PLJ.Build.0 = Release PLJ|.NET
		{59E3C353-1350-42D8-A045-CBBAD232F228}.Debug.ActiveCfg = Debug|.NET
		{59E3C353-1350-42D8-A045-CBBAD232F228}.Debug.Build.0 = Debug|.NET
		{59E3C353-1350-42D8-A045-CBBAD232F228}.Debug Txtr.ActiveCfg = Debug Txtr|.NET
		{59E3C353-1350-42D8-A045-CBBAD232F228}.Debug Txtr.Build.0 = Debug Txtr|.NET
		{59E3C353-1350-42D8-A045-CBBAD232F228}.Release.ActiveCfg = Release|.NET
		{59E3C353-1350-42D8-A045-CBBAD232F228}.Release.Build.0 = Release|.NET
		{59E3C353-1350-42D8-A045-CBBAD232F228}.Release MAC.ActiveCfg = Release Mac|.NET
		{59E3C353-1350-42D8-A045-CBBAD232F228}.Release MAC.Build.0 = Release Mac|.NET
		{59E3C353-1350-42D8-A045-CBBAD232F228}.Release PLJ.ActiveCfg = Release PLJ|.NET
		{59E3C353-1350-42D8-A045-CBBAD232F228}.Release PLJ.Build.0 = Release PLJ|.NET
		{74FCBBEC-105A-4006-A1FC-8EF4F80FD2D7}.Debug.ActiveCfg = Debug|.NET
		{74FCBBEC-105A-4006-A1FC-8EF4F80FD2D7}.Debug.Build.0 = Debug|.NET
		{74FCBBEC-105A-4006-A1FC-8EF4F80FD2D7}.Debug Txtr.ActiveCfg = Debug Txtr|.NET
		{74FCBBEC-105A-4006-A1FC-8EF4F80FD2D7}.Debug Txtr.Build.0 = Debug Txtr|.NET
		{74FCBBEC-105A-4006-A1FC-8EF4F80FD2D7}.Release.ActiveCfg = Release|.NET
		{74FCBBEC-105A-4006-A1FC-8EF4F80FD2D7}.Release.Build.0 = Release|.NET
		{74FCBBEC-105A-4006-A1FC-8EF4F80FD2D7}.Release MAC.ActiveCfg = Release MAC|.NET
		{74FCBBEC-105A-4006-A1FC-8EF4F80FD2D7}.Release MAC.Build.0 = Release MAC|.NET
		{74FCBBEC-105A-4006-A1FC-8EF4F80FD2D7}.Release PLJ.ActiveCfg = Release PLJ|.NET
		{74FCBBEC-105A-4006-A1FC-8EF4F80FD2D7}.Release PLJ.Build.0 = Release PLJ|.NET
		{1C6C45BF-FE19-4C23-B327-01F45B0F269C}.Debug.ActiveCfg = Debug|.NET
		{1C6C45BF-FE19-4C23-B327-01F45B0F269C}.Debug.Build.0 = Debug|.NET
		{1C6C45BF-FE19-4C23-B327-01F45B0F269C}.Debug Txtr.ActiveCfg = Debug Txtr|.NET
		{1C6C45BF-FE19-4C23-B327-01F45B0F269C}.Debug Txtr.Build.0 = Debug Txtr|.NET
		{1C6C45BF-FE19-4C23-B327-01F45B0F269C}.Release.ActiveCfg = Release|.NET
		{1C6C45BF-FE19-4C23-B327-01F45B0F269C}.Release.Build.0 = Release|.NET
		{1C6C45BF-FE19-4C23-B327-01F45B0F269C}.Release MAC.ActiveCfg = Release MAC|.NET
		{1C6C45BF-FE19-4C23-B327-01F45B0F269C}.Release MAC.Build.0 = Release MAC|.NET
		{1C6C45BF-FE19-4C23-B327-01F45B0F269C}.Release PLJ.ActiveCfg = Release PLJ|.NET
		{1C6C45BF-FE19-4C23-B327-01F45B0F269C}.Release PLJ.Build.0 = Release PLJ|.NET
		{1151A88B-47AF-41DA-BCDF-DEFED0CC326E}.Debug.ActiveCfg = Debug|.NET
		{1151A88B-47AF-41DA-BCDF-DEFED0CC326E}.Debug.Build.0 = Debug|.NET
		{1151A88B-47AF-41DA-BCDF-DEFED0CC326E}.Debug Txtr.ActiveCfg = Debug|.NET
		{1151A88B-47AF-41DA-BCDF-DEFED0CC326E}.Debug Txtr.Build.0 = Debug|.NET
		{1151A88B-47AF-41DA-BCDF-DEFED0CC326E}.Release.ActiveCfg = Release|.NET
		{1151A88B-47AF-41DA-BCDF-DEFED0CC326E}.Release.Build.0 = Release|.NET
		{1151A88B-47AF-41DA-BCDF-DEFED0CC326E}.Release MAC.ActiveCfg = Release MAC|.NET
		{1151A88B-47AF-41DA-BCDF-DEFED0CC326E}.Release MAC.Build.0 = Release MAC|.NET
		{1151A88B-47AF-41DA-BCDF-DEFED0CC326E}.Release PLJ.ActiveCfg = Release PLJ|.NET
		{1151A88B-47AF-41DA-BCDF-DEFED0CC326E}.Release PLJ.Build.0 = Release PLJ|.NET
		{45021667-BAD2-4ECA-8423-F4734F914CBB}.Debug.ActiveCfg = Debug|.NET
		{45021667-BAD2-4ECA-8423-F4734F914CBB}.Debug.Build.0 = Debug|.NET
		{45021667-BAD2-4ECA-8423-F4734F914CBB}.Debug Txtr.ActiveCfg = Debug|.NET
		{45021667-BAD2-4ECA-8423-F4734F914CBB}.Debug Txtr.Build.0 = Debug|.NET
		{45021667-BAD2-4ECA-8423-F4734F914CBB}.Release.ActiveCfg = Release|.NET
		{45021667-BAD2-4ECA-8423-F4734F914CBB}.Release.Build.0 = Release|.NET
		{45021667-BAD2-4ECA-8423-F4734F914CBB}.Release MAC.ActiveCfg = Release MAC|.NET
		{45021667-BAD2-4ECA-8423-F4734F914CBB}.Release MAC.Build.0 = Release MAC|.NET
		{45021667-BAD2-4ECA-8423-F4734F914CBB}.Release PLJ.ActiveCfg = Release MAC|.NET
		{45021667-BAD2-4ECA-8423-F4734F914CBB}.Release PLJ.Build.0 = Release MAC|.NET
	EndGlobalSection
	GlobalSection(ExtensibilityGlobals) = postSolution
	EndGlobalSection
	GlobalSection(ExtensibilityAddIns) = postSolution
	EndGlobalSection
EndGlobal
