Microsoft Visual Studio Solution File, Format Version 8.00
Project("{FAE04EC0-301F-11D3-BF4B-00C04F79EFBC}") = "SimPe Main", "SimPe Main.csproj", "{7368AF5F-2C82-4750-A31F-63AA4432758C}"
	ProjectSection(ProjectDependencies) = postProject
	EndProjectSection
EndProject
Project("{FAE04EC0-301F-11D3-BF4B-00C04F79EFBC}") = "SimPe Interfaces", "..\SimPe Interfaces\SimPe Interfaces.csproj", "{74FCBBEC-105A-4006-A1FC-8EF4F80FD2D7}"
	ProjectSection(ProjectDependencies) = postProject
	EndProjectSection
EndProject
Project("{FAE04EC0-301F-11D3-BF4B-00C04F79EFBC}") = "SimPe Helper", "..\SimPe Helper\SimPe Helper.csproj", "{59E3C353-1350-42D8-A045-CBBAD232F228}"
	ProjectSection(ProjectDependencies) = postProject
	EndProjectSection
EndProject
Project("{FAE04EC0-301F-11D3-BF4B-00C04F79EFBC}") = "SimPe Packages", "..\SimPe Packages\SimPe Packages.csproj", "{1C6C45BF-FE19-4C23-B327-01F45B0F269C}"
	ProjectSection(ProjectDependencies) = postProject
	EndProjectSection
EndProject
Project("{FAE04EC0-301F-11D3-BF4B-00C04F79EFBC}") = "SimPe Clst", "..\SimPe Clst\SimPe Clst.csproj", "{5DD89FD7-1E89-49D4-B48D-CC605D767C3B}"
	ProjectSection(ProjectDependencies) = postProject
	EndProjectSection
EndProject
Project("{FAE04EC0-301F-11D3-BF4B-00C04F79EFBC}") = "SimPe HandlerCommon", "..\SimPe HandlerCommon\SimPe HandlerCommon.csproj", "{A4CC48FD-9574-4F0B-B721-9E8C1B1E6A8A}"
	ProjectSection(ProjectDependencies) = postProject
	EndProjectSection
EndProject
Project("{FAE04EC0-301F-11D3-BF4B-00C04F79EFBC}") = "SimPe FileHandlers", "..\SimPe FileHandler\SimPe FileHandlers.csproj", "{97551C0A-6295-4E32-8E15-A4FF456E65A6}"
	ProjectSection(ProjectDependencies) = postProject
	EndProjectSection
EndProject
Project("{FAE04EC0-301F-11D3-BF4B-00C04F79EFBC}") = "SimPe GenericBase", "..\SimPe GenericBase\SimPe GenericBase.csproj", "{1DD372F9-D6F9-4724-8E7F-12BDE0FFAC74}"
	ProjectSection(ProjectDependencies) = postProject
	EndProjectSection
EndProject
Project("{FAE04EC0-301F-11D3-BF4B-00C04F79EFBC}") = "SimPe GenericFileHandlers", "..\SimPe GenericHandlers\SimPe GenericFileHandlers.csproj", "{CE6B173A-B19F-40B6-94A3-D8FB8A3FB74B}"
	ProjectSection(ProjectDependencies) = postProject
	EndProjectSection
EndProject
Project("{FAE04EC0-301F-11D3-BF4B-00C04F79EFBC}") = "SimPe Cache", "..\SimPe Cache\SimPe Cache.csproj", "{C949FB46-0C06-4C5D-92AE-5DD7F6E53364}"
	ProjectSection(ProjectDependencies) = postProject
	EndProjectSection
EndProject
Project("{FAE04EC0-301F-11D3-BF4B-00C04F79EFBC}") = "SimPe RCOL", "..\SimPe RCOL\SimPe RCOL.csproj", "{74517907-2236-4C45-80ED-E188D5E5CE0E}"
	ProjectSection(ProjectDependencies) = postProject
	EndProjectSection
EndProject
Project("{FAE04EC0-301F-11D3-BF4B-00C04F79EFBC}") = "SimsGUID", "..\SimsGUID\SimsGUID.csproj", "{8A2A1FCD-F166-4AE8-A87A-7424215C93AF}"
	ProjectSection(ProjectDependencies) = postProject
	EndProjectSection
EndProject
Project("{FAE04EC0-301F-11D3-BF4B-00C04F79EFBC}") = "TGA_View", "..\TGA_View\TGA_View.csproj", "{320E7C5E-60E6-4069-9852-D296DB688F5D}"
	ProjectSection(ProjectDependencies) = postProject
	EndProjectSection
EndProject
Project("{FAE04EC0-301F-11D3-BF4B-00C04F79EFBC}") = "3DView", "..\3DView\3DView.csproj", "{F2CCCDBC-B05F-4C9C-B57F-27A07ACEF9BE}"
	ProjectSection(ProjectDependencies) = postProject
	EndProjectSection
EndProject
Project("{FAE04EC0-301F-11D3-BF4B-00C04F79EFBC}") = "SimPe Geometry", "..\SimPe Geometry\SimPe Geometry.csproj", "{60367A6D-8FF1-4289-B546-C68A2C395843}"
	ProjectSection(ProjectDependencies) = postProject
	EndProjectSection
EndProject
Project("{FAE04EC0-301F-11D3-BF4B-00C04F79EFBC}") = "SimPe GMDC Exporter Base", "..\SimPe GMDC Exporter Base\SimPe GMDC Exporter Base.csproj", "{76D6A8B3-10DF-4948-9028-C63A416AB00E}"
	ProjectSection(ProjectDependencies) = postProject
	EndProjectSection
EndProject
Project("{FAE04EC0-301F-11D3-BF4B-00C04F79EFBC}") = "SimPe Name Provider", "..\SimPe Name Provider\SimPe Name Provider.csproj", "{38259F2B-9C90-48BE-A519-E4EEC62C242C}"
	ProjectSection(ProjectDependencies) = postProject
	EndProjectSection
EndProject
Project("{FAE04EC0-301F-11D3-BF4B-00C04F79EFBC}") = "SimPe Extended Filehandlers", "..\SimPe Extended Filehandlers\SimPe Extended Filehandlers.csproj", "{7EF7C30C-2968-46E8-AA74-79EDB0FE8F2A}"
	ProjectSection(ProjectDependencies) = postProject
	EndProjectSection
EndProject
Project("{FAE04EC0-301F-11D3-BF4B-00C04F79EFBC}") = "SimPe Scenegraph", "..\SimPe Scenegraph\SimPe Scenegraph.csproj", "{1151A88B-47AF-41DA-BCDF-DEFED0CC326E}"
	ProjectSection(ProjectDependencies) = postProject
	EndProjectSection
EndProject
Project("{FAE04EC0-301F-11D3-BF4B-00C04F79EFBC}") = "SimPe 3IDR", "..\SimPe 3IDR\SimPe 3IDR.csproj", "{37D97490-DC9F-4DB7-9215-998C6BC06078}"
	ProjectSection(ProjectDependencies) = postProject
	EndProjectSection
EndProject
Project("{FAE04EC0-301F-11D3-BF4B-00C04F79EFBC}") = "SimPe Commandline", "..\SimPe Commandline\SimPe Commandline.csproj", "{0D63B13E-F41B-456C-92D0-C0BB3FE8744F}"
	ProjectSection(ProjectDependencies) = postProject
	EndProjectSection
EndProject
Project("{FAE04EC0-301F-11D3-BF4B-00C04F79EFBC}") = "SimPe Toolbox", "..\SimPe Toolbox\SimPe Toolbox.csproj", "{4B573801-C012-4C34-88A8-3D4CE694C905}"
	ProjectSection(ProjectDependencies) = postProject
	EndProjectSection
EndProject
Project("{FAE04EC0-301F-11D3-BF4B-00C04F79EFBC}") = "SimPe Workspace Helper", "..\SimPe Workspace Helper\SimPe Workspace Helper.csproj", "{45021667-BAD2-4ECA-8423-F4734F914CBB}"
	ProjectSection(ProjectDependencies) = postProject
	EndProjectSection
EndProject
Project("{FAE04EC0-301F-11D3-BF4B-00C04F79EFBC}") = "SimPe BHAV", "..\SimPe BHAV\SimPe BHAV.csproj", "{6AA664E9-B45F-4D61-9B9F-E68341C16473}"
	ProjectSection(ProjectDependencies) = postProject
	EndProjectSection
EndProject
Project("{FAE04EC0-301F-11D3-BF4B-00C04F79EFBC}") = "SimPe Dockbox", "..\SimPe Dockbox\SimPe Dockbox.csproj", "{5C259432-EF3E-4BAA-BB2F-28E1459FD0D9}"
	ProjectSection(ProjectDependencies) = postProject
	EndProjectSection
EndProject
Project("{FAE04EC0-301F-11D3-BF4B-00C04F79EFBC}") = "SimPE Toolbox Scanner", "..\SimPE Toolbox Scanner\SimPE Toolbox Scanner.csproj", "{2EA51E60-64FA-4822-AE2A-A996BA79AA76}"
	ProjectSection(ProjectDependencies) = postProject
	EndProjectSection
EndProject
Project("{FAE04EC0-301F-11D3-BF4B-00C04F79EFBC}") = "SimPe HGBH", "..\SimPe HGBH\SimPe HGBH.csproj", "{2A67C9C3-9577-4922-991F-291EAA6B4F2D}"
	ProjectSection(ProjectDependencies) = postProject
	EndProjectSection
EndProject
Project("{FAE04EC0-301F-11D3-BF4B-00C04F79EFBC}") = "SimPe GMDC Exporter", "..\SimPe GMDC Exporter\SimPe GMDC Exporter.csproj", "{F7DD4A1A-8C32-4247-9AE9-AE4372455A24}"
	ProjectSection(ProjectDependencies) = postProject
	EndProjectSection
EndProject
Project("{FAE04EC0-301F-11D3-BF4B-00C04F79EFBC}") = "SimPe Toolbox Scenegraph", "..\SimPe Toolbox Scenegraph\SimPe Toolbox Scenegraph.csproj", "{4A0695E9-8C32-4F70-B7C7-B7F2EF7E38B6}"
	ProjectSection(ProjectDependencies) = postProject
	EndProjectSection
EndProject
Project("{FAE04EC0-301F-11D3-BF4B-00C04F79EFBC}") = "GraphControl", "..\GraphControl\GraphControl.csproj", "{7D2EE6ED-78C1-4738-9AE1-E3C165A81E3D}"
	ProjectSection(ProjectDependencies) = postProject
	EndProjectSection
EndProject
Project("{FAE04EC0-301F-11D3-BF4B-00C04F79EFBC}") = "SimPe Sims", "..\SimPe Sims\SimPe Sims.csproj", "{9877B092-C8C0-4B84-B5A0-F9A68AA1C0E4}"
	ProjectSection(ProjectDependencies) = postProject
	EndProjectSection
EndProject
Project("{FAE04EC0-301F-11D3-BF4B-00C04F79EFBC}") = "EnumComboBox", "..\EnumComboBox\EnumComboBox.csproj", "{5C663721-B4E3-43F7-A39F-9E6060FA5433}"
	ProjectSection(ProjectDependencies) = postProject
	EndProjectSection
EndProject
Project("{FAE04EC0-301F-11D3-BF4B-00C04F79EFBC}") = "SimPe Toolbox Workshops", "..\SimPe Toolbox Workshops\SimPe Toolbox Workshops.csproj", "{8886DFAA-51F0-4E64-A754-EF4FCB9CCA4B}"
	ProjectSection(ProjectDependencies) = postProject
	EndProjectSection
EndProject
Project("{FAE04EC0-301F-11D3-BF4B-00C04F79EFBC}") = "SimPe Wizardbase", "..\SimPe Wizardbase\SimPe Wizardbase.csproj", "{B552AF25-66F1-4DFE-8760-2D3053F57E7C}"
	ProjectSection(ProjectDependencies) = postProject
	EndProjectSection
EndProject
Project("{FAE04EC0-301F-11D3-BF4B-00C04F79EFBC}") = "SimPe Career Editor", "..\Bidou Career Editor\SimPe Career Editor.csproj", "{4B573801-C012-4C34-88A8-3D4CE694C905}"
	ProjectSection(ProjectDependencies) = postProject
	EndProjectSection
EndProject
Global
	GlobalSection(SolutionConfiguration) = preSolution
		Debug = Debug
		Debug Txtr = Debug Txtr
		Release = Release
		Release MAC = Release MAC
		Release PLJ = Release PLJ
	EndGlobalSection
	GlobalSection(ProjectConfiguration) = postSolution
		{7368AF5F-2C82-4750-A31F-63AA4432758C}.Debug.ActiveCfg = Debug|.NET
		{7368AF5F-2C82-4750-A31F-63AA4432758C}.Debug.Build.0 = Debug|.NET
		{7368AF5F-2C82-4750-A31F-63AA4432758C}.Debug Txtr.ActiveCfg = Debug|.NET
		{7368AF5F-2C82-4750-A31F-63AA4432758C}.Debug Txtr.Build.0 = Debug|.NET
		{7368AF5F-2C82-4750-A31F-63AA4432758C}.Release.ActiveCfg = Release|.NET
		{7368AF5F-2C82-4750-A31F-63AA4432758C}.Release.Build.0 = Release|.NET
		{7368AF5F-2C82-4750-A31F-63AA4432758C}.Release MAC.ActiveCfg = Release MAC|.NET
		{7368AF5F-2C82-4750-A31F-63AA4432758C}.Release MAC.Build.0 = Release MAC|.NET
		{7368AF5F-2C82-4750-A31F-63AA4432758C}.Release PLJ.ActiveCfg = Release MAC|.NET
		{7368AF5F-2C82-4750-A31F-63AA4432758C}.Release PLJ.Build.0 = Release MAC|.NET
		{74FCBBEC-105A-4006-A1FC-8EF4F80FD2D7}.Debug.ActiveCfg = Debug|.NET
		{74FCBBEC-105A-4006-A1FC-8EF4F80FD2D7}.Debug.Build.0 = Debug|.NET
		{74FCBBEC-105A-4006-A1FC-8EF4F80FD2D7}.Debug Txtr.ActiveCfg = Debug Txtr|.NET
		{74FCBBEC-105A-4006-A1FC-8EF4F80FD2D7}.Debug Txtr.Build.0 = Debug Txtr|.NET
		{74FCBBEC-105A-4006-A1FC-8EF4F80FD2D7}.Release.ActiveCfg = Release|.NET
		{74FCBBEC-105A-4006-A1FC-8EF4F80FD2D7}.Release.Build.0 = Release|.NET
		{74FCBBEC-105A-4006-A1FC-8EF4F80FD2D7}.Release MAC.ActiveCfg = Release MAC|.NET
		{74FCBBEC-105A-4006-A1FC-8EF4F80FD2D7}.Release MAC.Build.0 = Release MAC|.NET
		{74FCBBEC-105A-4006-A1FC-8EF4F80FD2D7}.Release PLJ.ActiveCfg = Release PLJ|.NET
		{74FCBBEC-105A-4006-A1FC-8EF4F80FD2D7}.Release PLJ.Build.0 = Release PLJ|.NET
		{59E3C353-1350-42D8-A045-CBBAD232F228}.Debug.ActiveCfg = Debug|.NET
		{59E3C353-1350-42D8-A045-CBBAD232F228}.Debug.Build.0 = Debug|.NET
		{59E3C353-1350-42D8-A045-CBBAD232F228}.Debug Txtr.ActiveCfg = Debug Txtr|.NET
		{59E3C353-1350-42D8-A045-CBBAD232F228}.Debug Txtr.Build.0 = Debug Txtr|.NET
		{59E3C353-1350-42D8-A045-CBBAD232F228}.Release.ActiveCfg = Release|.NET
		{59E3C353-1350-42D8-A045-CBBAD232F228}.Release.Build.0 = Release|.NET
		{59E3C353-1350-42D8-A045-CBBAD232F228}.Release MAC.ActiveCfg = Release Mac|.NET
		{59E3C353-1350-42D8-A045-CBBAD232F228}.Release MAC.Build.0 = Release Mac|.NET
		{59E3C353-1350-42D8-A045-CBBAD232F228}.Release PLJ.ActiveCfg = Release PLJ|.NET
		{59E3C353-1350-42D8-A045-CBBAD232F228}.Release PLJ.Build.0 = Release PLJ|.NET
		{1C6C45BF-FE19-4C23-B327-01F45B0F269C}.Debug.ActiveCfg = Debug|.NET
		{1C6C45BF-FE19-4C23-B327-01F45B0F269C}.Debug.Build.0 = Debug|.NET
		{1C6C45BF-FE19-4C23-B327-01F45B0F269C}.Debug Txtr.ActiveCfg = Debug Txtr|.NET
		{1C6C45BF-FE19-4C23-B327-01F45B0F269C}.Debug Txtr.Build.0 = Debug Txtr|.NET
		{1C6C45BF-FE19-4C23-B327-01F45B0F269C}.Release.ActiveCfg = Release|.NET
		{1C6C45BF-FE19-4C23-B327-01F45B0F269C}.Release.Build.0 = Release|.NET
		{1C6C45BF-FE19-4C23-B327-01F45B0F269C}.Release MAC.ActiveCfg = Release MAC|.NET
		{1C6C45BF-FE19-4C23-B327-01F45B0F269C}.Release MAC.Build.0 = Release MAC|.NET
		{1C6C45BF-FE19-4C23-B327-01F45B0F269C}.Release PLJ.ActiveCfg = Release PLJ|.NET
		{1C6C45BF-FE19-4C23-B327-01F45B0F269C}.Release PLJ.Build.0 = Release PLJ|.NET
		{5DD89FD7-1E89-49D4-B48D-CC605D767C3B}.Debug.ActiveCfg = Debug|.NET
		{5DD89FD7-1E89-49D4-B48D-CC605D767C3B}.Debug.Build.0 = Debug|.NET
		{5DD89FD7-1E89-49D4-B48D-CC605D767C3B}.Debug Txtr.ActiveCfg = Debug Txtr|.NET
		{5DD89FD7-1E89-49D4-B48D-CC605D767C3B}.Debug Txtr.Build.0 = Debug Txtr|.NET
		{5DD89FD7-1E89-49D4-B48D-CC605D767C3B}.Release.ActiveCfg = Release|.NET
		{5DD89FD7-1E89-49D4-B48D-CC605D767C3B}.Release.Build.0 = Release|.NET
		{5DD89FD7-1E89-49D4-B48D-CC605D767C3B}.Release MAC.ActiveCfg = Release MAC|.NET
		{5DD89FD7-1E89-49D4-B48D-CC605D767C3B}.Release MAC.Build.0 = Release MAC|.NET
		{5DD89FD7-1E89-49D4-B48D-CC605D767C3B}.Release PLJ.ActiveCfg = Release PLJ|.NET
		{5DD89FD7-1E89-49D4-B48D-CC605D767C3B}.Release PLJ.Build.0 = Release PLJ|.NET
		{A4CC48FD-9574-4F0B-B721-9E8C1B1E6A8A}.Debug.ActiveCfg = Debug|.NET
		{A4CC48FD-9574-4F0B-B721-9E8C1B1E6A8A}.Debug.Build.0 = Debug|.NET
		{A4CC48FD-9574-4F0B-B721-9E8C1B1E6A8A}.Debug Txtr.ActiveCfg = Debug Txtr|.NET
		{A4CC48FD-9574-4F0B-B721-9E8C1B1E6A8A}.Debug Txtr.Build.0 = Debug Txtr|.NET
		{A4CC48FD-9574-4F0B-B721-9E8C1B1E6A8A}.Release.ActiveCfg = Release|.NET
		{A4CC48FD-9574-4F0B-B721-9E8C1B1E6A8A}.Release.Build.0 = Release|.NET
		{A4CC48FD-9574-4F0B-B721-9E8C1B1E6A8A}.Release MAC.ActiveCfg = Release MAC|.NET
		{A4CC48FD-9574-4F0B-B721-9E8C1B1E6A8A}.Release MAC.Build.0 = Release MAC|.NET
		{A4CC48FD-9574-4F0B-B721-9E8C1B1E6A8A}.Release PLJ.ActiveCfg = Release PLJ|.NET
		{A4CC48FD-9574-4F0B-B721-9E8C1B1E6A8A}.Release PLJ.Build.0 = Release PLJ|.NET
		{97551C0A-6295-4E32-8E15-A4FF456E65A6}.Debug.ActiveCfg = Debug|.NET
		{97551C0A-6295-4E32-8E15-A4FF456E65A6}.Debug.Build.0 = Debug|.NET
		{97551C0A-6295-4E32-8E15-A4FF456E65A6}.Debug Txtr.ActiveCfg = Debug Txtr|.NET
		{97551C0A-6295-4E32-8E15-A4FF456E65A6}.Debug Txtr.Build.0 = Debug Txtr|.NET
		{97551C0A-6295-4E32-8E15-A4FF456E65A6}.Release.ActiveCfg = Release|.NET
		{97551C0A-6295-4E32-8E15-A4FF456E65A6}.Release.Build.0 = Release|.NET
		{97551C0A-6295-4E32-8E15-A4FF456E65A6}.Release MAC.ActiveCfg = Release MAC|.NET
		{97551C0A-6295-4E32-8E15-A4FF456E65A6}.Release MAC.Build.0 = Release MAC|.NET
		{97551C0A-6295-4E32-8E15-A4FF456E65A6}.Release PLJ.ActiveCfg = Release PLJ|.NET
		{97551C0A-6295-4E32-8E15-A4FF456E65A6}.Release PLJ.Build.0 = Release PLJ|.NET
		{1DD372F9-D6F9-4724-8E7F-12BDE0FFAC74}.Debug.ActiveCfg = Debug|.NET
		{1DD372F9-D6F9-4724-8E7F-12BDE0FFAC74}.Debug.Build.0 = Debug|.NET
		{1DD372F9-D6F9-4724-8E7F-12BDE0FFAC74}.Debug Txtr.ActiveCfg = Debug Txtr|.NET
		{1DD372F9-D6F9-4724-8E7F-12BDE0FFAC74}.Debug Txtr.Build.0 = Debug Txtr|.NET
		{1DD372F9-D6F9-4724-8E7F-12BDE0FFAC74}.Release.ActiveCfg = Release|.NET
		{1DD372F9-D6F9-4724-8E7F-12BDE0FFAC74}.Release.Build.0 = Release|.NET
		{1DD372F9-D6F9-4724-8E7F-12BDE0FFAC74}.Release MAC.ActiveCfg = Release MAC|.NET
		{1DD372F9-D6F9-4724-8E7F-12BDE0FFAC74}.Release MAC.Build.0 = Release MAC|.NET
		{1DD372F9-D6F9-4724-8E7F-12BDE0FFAC74}.Release PLJ.ActiveCfg = Release PLJ|.NET
		{1DD372F9-D6F9-4724-8E7F-12BDE0FFAC74}.Release PLJ.Build.0 = Release PLJ|.NET
		{CE6B173A-B19F-40B6-94A3-D8FB8A3FB74B}.Debug.ActiveCfg = Debug|.NET
		{CE6B173A-B19F-40B6-94A3-D8FB8A3FB74B}.Debug.Build.0 = Debug|.NET
		{CE6B173A-B19F-40B6-94A3-D8FB8A3FB74B}.Debug Txtr.ActiveCfg = Debug Txtr|.NET
		{CE6B173A-B19F-40B6-94A3-D8FB8A3FB74B}.Debug Txtr.Build.0 = Debug Txtr|.NET
		{CE6B173A-B19F-40B6-94A3-D8FB8A3FB74B}.Release.ActiveCfg = Release|.NET
		{CE6B173A-B19F-40B6-94A3-D8FB8A3FB74B}.Release.Build.0 = Release|.NET
		{CE6B173A-B19F-40B6-94A3-D8FB8A3FB74B}.Release MAC.ActiveCfg = Release MAC|.NET
		{CE6B173A-B19F-40B6-94A3-D8FB8A3FB74B}.Release MAC.Build.0 = Release MAC|.NET
		{CE6B173A-B19F-40B6-94A3-D8FB8A3FB74B}.Release PLJ.ActiveCfg = Release PLJ|.NET
		{CE6B173A-B19F-40B6-94A3-D8FB8A3FB74B}.Release PLJ.Build.0 = Release PLJ|.NET
		{C949FB46-0C06-4C5D-92AE-5DD7F6E53364}.Debug.ActiveCfg = Debug|.NET
		{C949FB46-0C06-4C5D-92AE-5DD7F6E53364}.Debug.Build.0 = Debug|.NET
		{C949FB46-0C06-4C5D-92AE-5DD7F6E53364}.Debug Txtr.ActiveCfg = Debug|.NET
		{C949FB46-0C06-4C5D-92AE-5DD7F6E53364}.Debug Txtr.Build.0 = Debug|.NET
		{C949FB46-0C06-4C5D-92AE-5DD7F6E53364}.Release.ActiveCfg = Release|.NET
		{C949FB46-0C06-4C5D-92AE-5DD7F6E53364}.Release.Build.0 = Release|.NET
		{C949FB46-0C06-4C5D-92AE-5DD7F6E53364}.Release MAC.ActiveCfg = Release MAC|.NET
		{C949FB46-0C06-4C5D-92AE-5DD7F6E53364}.Release MAC.Build.0 = Release MAC|.NET
		{C949FB46-0C06-4C5D-92AE-5DD7F6E53364}.Release PLJ.ActiveCfg = Release PLJ|.NET
		{C949FB46-0C06-4C5D-92AE-5DD7F6E53364}.Release PLJ.Build.0 = Release PLJ|.NET
		{74517907-2236-4C45-80ED-E188D5E5CE0E}.Debug.ActiveCfg = Debug|.NET
		{74517907-2236-4C45-80ED-E188D5E5CE0E}.Debug.Build.0 = Debug|.NET
		{74517907-2236-4C45-80ED-E188D5E5CE0E}.Debug Txtr.ActiveCfg = Debug Txtr|.NET
		{74517907-2236-4C45-80ED-E188D5E5CE0E}.Debug Txtr.Build.0 = Debug Txtr|.NET
		{74517907-2236-4C45-80ED-E188D5E5CE0E}.Release.ActiveCfg = Release|.NET
		{74517907-2236-4C45-80ED-E188D5E5CE0E}.Release.Build.0 = Release|.NET
		{74517907-2236-4C45-80ED-E188D5E5CE0E}.Release MAC.ActiveCfg = Release MAC|.NET
		{74517907-2236-4C45-80ED-E188D5E5CE0E}.Release MAC.Build.0 = Release MAC|.NET
		{74517907-2236-4C45-80ED-E188D5E5CE0E}.Release PLJ.ActiveCfg = Release PLJ|.NET
		{74517907-2236-4C45-80ED-E188D5E5CE0E}.Release PLJ.Build.0 = Release PLJ|.NET
		{8A2A1FCD-F166-4AE8-A87A-7424215C93AF}.Debug.ActiveCfg = Debug|.NET
		{8A2A1FCD-F166-4AE8-A87A-7424215C93AF}.Debug.Build.0 = Debug|.NET
		{8A2A1FCD-F166-4AE8-A87A-7424215C93AF}.Debug Txtr.ActiveCfg = Debug Txtr|.NET
		{8A2A1FCD-F166-4AE8-A87A-7424215C93AF}.Debug Txtr.Build.0 = Debug Txtr|.NET
		{8A2A1FCD-F166-4AE8-A87A-7424215C93AF}.Release.ActiveCfg = Release|.NET
		{8A2A1FCD-F166-4AE8-A87A-7424215C93AF}.Release.Build.0 = Release|.NET
		{8A2A1FCD-F166-4AE8-A87A-7424215C93AF}.Release MAC.ActiveCfg = Release MAC|.NET
		{8A2A1FCD-F166-4AE8-A87A-7424215C93AF}.Release MAC.Build.0 = Release MAC|.NET
		{8A2A1FCD-F166-4AE8-A87A-7424215C93AF}.Release PLJ.ActiveCfg = Release PLJ|.NET
		{8A2A1FCD-F166-4AE8-A87A-7424215C93AF}.Release PLJ.Build.0 = Release PLJ|.NET
		{320E7C5E-60E6-4069-9852-D296DB688F5D}.Debug.ActiveCfg = Debug|.NET
		{320E7C5E-60E6-4069-9852-D296DB688F5D}.Debug.Build.0 = Debug|.NET
		{320E7C5E-60E6-4069-9852-D296DB688F5D}.Debug Txtr.ActiveCfg = Debug Txtr|.NET
		{320E7C5E-60E6-4069-9852-D296DB688F5D}.Debug Txtr.Build.0 = Debug Txtr|.NET
		{320E7C5E-60E6-4069-9852-D296DB688F5D}.Release.ActiveCfg = Release|.NET
		{320E7C5E-60E6-4069-9852-D296DB688F5D}.Release.Build.0 = Release|.NET
		{320E7C5E-60E6-4069-9852-D296DB688F5D}.Release MAC.ActiveCfg = Release MAC|.NET
		{320E7C5E-60E6-4069-9852-D296DB688F5D}.Release MAC.Build.0 = Release MAC|.NET
		{320E7C5E-60E6-4069-9852-D296DB688F5D}.Release PLJ.ActiveCfg = Release PLJ|.NET
		{320E7C5E-60E6-4069-9852-D296DB688F5D}.Release PLJ.Build.0 = Release PLJ|.NET
		{F2CCCDBC-B05F-4C9C-B57F-27A07ACEF9BE}.Debug.ActiveCfg = Debug|.NET
		{F2CCCDBC-B05F-4C9C-B57F-27A07ACEF9BE}.Debug.Build.0 = Debug|.NET
		{F2CCCDBC-B05F-4C9C-B57F-27A07ACEF9BE}.Debug Txtr.ActiveCfg = Debug|.NET
		{F2CCCDBC-B05F-4C9C-B57F-27A07ACEF9BE}.Debug Txtr.Build.0 = Debug|.NET
		{F2CCCDBC-B05F-4C9C-B57F-27A07ACEF9BE}.Release.ActiveCfg = Release|.NET
		{F2CCCDBC-B05F-4C9C-B57F-27A07ACEF9BE}.Release.Build.0 = Release|.NET
		{F2CCCDBC-B05F-4C9C-B57F-27A07ACEF9BE}.Release MAC.ActiveCfg = Release MAC|.NET
		{F2CCCDBC-B05F-4C9C-B57F-27A07ACEF9BE}.Release MAC.Build.0 = Release MAC|.NET
		{F2CCCDBC-B05F-4C9C-B57F-27A07ACEF9BE}.Release PLJ.ActiveCfg = Release PLJ|.NET
		{F2CCCDBC-B05F-4C9C-B57F-27A07ACEF9BE}.Release PLJ.Build.0 = Release PLJ|.NET
		{60367A6D-8FF1-4289-B546-C68A2C395843}.Debug.ActiveCfg = Debug|.NET
		{60367A6D-8FF1-4289-B546-C68A2C395843}.Debug.Build.0 = Debug|.NET
		{60367A6D-8FF1-4289-B546-C68A2C395843}.Debug Txtr.ActiveCfg = Debug|.NET
		{60367A6D-8FF1-4289-B546-C68A2C395843}.Debug Txtr.Build.0 = Debug|.NET
		{60367A6D-8FF1-4289-B546-C68A2C395843}.Release.ActiveCfg = Release|.NET
		{60367A6D-8FF1-4289-B546-C68A2C395843}.Release.Build.0 = Release|.NET
		{60367A6D-8FF1-4289-B546-C68A2C395843}.Release MAC.ActiveCfg = Release MAC|.NET
		{60367A6D-8FF1-4289-B546-C68A2C395843}.Release MAC.Build.0 = Release MAC|.NET
		{60367A6D-8FF1-4289-B546-C68A2C395843}.Release PLJ.ActiveCfg = Release MAC|.NET
		{60367A6D-8FF1-4289-B546-C68A2C395843}.Release PLJ.Build.0 = Release MAC|.NET
		{76D6A8B3-10DF-4948-9028-C63A416AB00E}.Debug.ActiveCfg = Debug|.NET
		{76D6A8B3-10DF-4948-9028-C63A416AB00E}.Debug.Build.0 = Debug|.NET
		{76D6A8B3-10DF-4948-9028-C63A416AB00E}.Debug Txtr.ActiveCfg = Debug|.NET
		{76D6A8B3-10DF-4948-9028-C63A416AB00E}.Debug Txtr.Build.0 = Debug|.NET
		{76D6A8B3-10DF-4948-9028-C63A416AB00E}.Release.ActiveCfg = Release|.NET
		{76D6A8B3-10DF-4948-9028-C63A416AB00E}.Release.Build.0 = Release|.NET
		{76D6A8B3-10DF-4948-9028-C63A416AB00E}.Release MAC.ActiveCfg = Release MAC|.NET
		{76D6A8B3-10DF-4948-9028-C63A416AB00E}.Release MAC.Build.0 = Release MAC|.NET
		{76D6A8B3-10DF-4948-9028-C63A416AB00E}.Release PLJ.ActiveCfg = Release MAC|.NET
		{76D6A8B3-10DF-4948-9028-C63A416AB00E}.Release PLJ.Build.0 = Release MAC|.NET
		{38259F2B-9C90-48BE-A519-E4EEC62C242C}.Debug.ActiveCfg = Debug|.NET
		{38259F2B-9C90-48BE-A519-E4EEC62C242C}.Debug.Build.0 = Debug|.NET
		{38259F2B-9C90-48BE-A519-E4EEC62C242C}.Debug Txtr.ActiveCfg = Debug Txtr|.NET
		{38259F2B-9C90-48BE-A519-E4EEC62C242C}.Debug Txtr.Build.0 = Debug Txtr|.NET
		{38259F2B-9C90-48BE-A519-E4EEC62C242C}.Release.ActiveCfg = Release|.NET
		{38259F2B-9C90-48BE-A519-E4EEC62C242C}.Release.Build.0 = Release|.NET
		{38259F2B-9C90-48BE-A519-E4EEC62C242C}.Release MAC.ActiveCfg = Release MAC|.NET
		{38259F2B-9C90-48BE-A519-E4EEC62C242C}.Release MAC.Build.0 = Release MAC|.NET
		{38259F2B-9C90-48BE-A519-E4EEC62C242C}.Release PLJ.ActiveCfg = Release PLJ|.NET
		{38259F2B-9C90-48BE-A519-E4EEC62C242C}.Release PLJ.Build.0 = Release PLJ|.NET
		{7EF7C30C-2968-46E8-AA74-79EDB0FE8F2A}.Debug.ActiveCfg = Debug|.NET
		{7EF7C30C-2968-46E8-AA74-79EDB0FE8F2A}.Debug.Build.0 = Debug|.NET
		{7EF7C30C-2968-46E8-AA74-79EDB0FE8F2A}.Debug Txtr.ActiveCfg = Debug|.NET
		{7EF7C30C-2968-46E8-AA74-79EDB0FE8F2A}.Debug Txtr.Build.0 = Debug|.NET
		{7EF7C30C-2968-46E8-AA74-79EDB0FE8F2A}.Release.ActiveCfg = Release|.NET
		{7EF7C30C-2968-46E8-AA74-79EDB0FE8F2A}.Release.Build.0 = Release|.NET
		{7EF7C30C-2968-46E8-AA74-79EDB0FE8F2A}.Release MAC.ActiveCfg = Release MAC|.NET
		{7EF7C30C-2968-46E8-AA74-79EDB0FE8F2A}.Release MAC.Build.0 = Release MAC|.NET
		{7EF7C30C-2968-46E8-AA74-79EDB0FE8F2A}.Release PLJ.ActiveCfg = Release PLJ|.NET
		{7EF7C30C-2968-46E8-AA74-79EDB0FE8F2A}.Release PLJ.Build.0 = Release PLJ|.NET
		{1151A88B-47AF-41DA-BCDF-DEFED0CC326E}.Debug.ActiveCfg = Debug|.NET
		{1151A88B-47AF-41DA-BCDF-DEFED0CC326E}.Debug.Build.0 = Debug|.NET
		{1151A88B-47AF-41DA-BCDF-DEFED0CC326E}.Debug Txtr.ActiveCfg = Debug|.NET
		{1151A88B-47AF-41DA-BCDF-DEFED0CC326E}.Debug Txtr.Build.0 = Debug|.NET
		{1151A88B-47AF-41DA-BCDF-DEFED0CC326E}.Release.ActiveCfg = Release|.NET
		{1151A88B-47AF-41DA-BCDF-DEFED0CC326E}.Release.Build.0 = Release|.NET
		{1151A88B-47AF-41DA-BCDF-DEFED0CC326E}.Release MAC.ActiveCfg = Release MAC|.NET
		{1151A88B-47AF-41DA-BCDF-DEFED0CC326E}.Release MAC.Build.0 = Release MAC|.NET
		{1151A88B-47AF-41DA-BCDF-DEFED0CC326E}.Release PLJ.ActiveCfg = Release PLJ|.NET
		{1151A88B-47AF-41DA-BCDF-DEFED0CC326E}.Release PLJ.Build.0 = Release PLJ|.NET
		{37D97490-DC9F-4DB7-9215-998C6BC06078}.Debug.ActiveCfg = Debug|.NET
		{37D97490-DC9F-4DB7-9215-998C6BC06078}.Debug.Build.0 = Debug|.NET
		{37D97490-DC9F-4DB7-9215-998C6BC06078}.Debug Txtr.ActiveCfg = Debug Txtr|.NET
		{37D97490-DC9F-4DB7-9215-998C6BC06078}.Debug Txtr.Build.0 = Debug Txtr|.NET
		{37D97490-DC9F-4DB7-9215-998C6BC06078}.Release.ActiveCfg = Release|.NET
		{37D97490-DC9F-4DB7-9215-998C6BC06078}.Release.Build.0 = Release|.NET
		{37D97490-DC9F-4DB7-9215-998C6BC06078}.Release MAC.ActiveCfg = Release MAC|.NET
		{37D97490-DC9F-4DB7-9215-998C6BC06078}.Release MAC.Build.0 = Release MAC|.NET
		{37D97490-DC9F-4DB7-9215-998C6BC06078}.Release PLJ.ActiveCfg = Release PLJ|.NET
		{37D97490-DC9F-4DB7-9215-998C6BC06078}.Release PLJ.Build.0 = Release PLJ|.NET
		{0D63B13E-F41B-456C-92D0-C0BB3FE8744F}.Debug.ActiveCfg = Debug|.NET
		{0D63B13E-F41B-456C-92D0-C0BB3FE8744F}.Debug.Build.0 = Debug|.NET
		{0D63B13E-F41B-456C-92D0-C0BB3FE8744F}.Debug Txtr.ActiveCfg = Debug|.NET
		{0D63B13E-F41B-456C-92D0-C0BB3FE8744F}.Debug Txtr.Build.0 = Debug|.NET
		{0D63B13E-F41B-456C-92D0-C0BB3FE8744F}.Release.ActiveCfg = Release|.NET
		{0D63B13E-F41B-456C-92D0-C0BB3FE8744F}.Release.Build.0 = Release|.NET
		{0D63B13E-F41B-456C-92D0-C0BB3FE8744F}.Release MAC.ActiveCfg = Release MAC|.NET
		{0D63B13E-F41B-456C-92D0-C0BB3FE8744F}.Release MAC.Build.0 = Release MAC|.NET
		{0D63B13E-F41B-456C-92D0-C0BB3FE8744F}.Release PLJ.ActiveCfg = Release PLJ|.NET
		{0D63B13E-F41B-456C-92D0-C0BB3FE8744F}.Release PLJ.Build.0 = Release PLJ|.NET
		{4B573801-C012-4C34-88A8-3D4CE694C905}.Debug.ActiveCfg = Debug|.NET
		{4B573801-C012-4C34-88A8-3D4CE694C905}.Debug.Build.0 = Debug|.NET
		{4B573801-C012-4C34-88A8-3D4CE694C905}.Debug Txtr.ActiveCfg = Debug Txtr|.NET
		{4B573801-C012-4C34-88A8-3D4CE694C905}.Debug Txtr.Build.0 = Debug Txtr|.NET
		{4B573801-C012-4C34-88A8-3D4CE694C905}.Release.ActiveCfg = Release|.NET
		{4B573801-C012-4C34-88A8-3D4CE694C905}.Release.Build.0 = Release|.NET
		{4B573801-C012-4C34-88A8-3D4CE694C905}.Release MAC.ActiveCfg = Release MAC|.NET
		{4B573801-C012-4C34-88A8-3D4CE694C905}.Release MAC.Build.0 = Release MAC|.NET
		{4B573801-C012-4C34-88A8-3D4CE694C905}.Release PLJ.ActiveCfg = Release PLJ|.NET
		{4B573801-C012-4C34-88A8-3D4CE694C905}.Release PLJ.Build.0 = Release PLJ|.NET
		{45021667-BAD2-4ECA-8423-F4734F914CBB}.Debug.ActiveCfg = Debug|.NET
		{45021667-BAD2-4ECA-8423-F4734F914CBB}.Debug.Build.0 = Debug|.NET
		{45021667-BAD2-4ECA-8423-F4734F914CBB}.Debug Txtr.ActiveCfg = Debug|.NET
		{45021667-BAD2-4ECA-8423-F4734F914CBB}.Debug Txtr.Build.0 = Debug|.NET
		{45021667-BAD2-4ECA-8423-F4734F914CBB}.Release.ActiveCfg = Release|.NET
		{45021667-BAD2-4ECA-8423-F4734F914CBB}.Release.Build.0 = Release|.NET
		{45021667-BAD2-4ECA-8423-F4734F914CBB}.Release MAC.ActiveCfg = Release MAC|.NET
		{45021667-BAD2-4ECA-8423-F4734F914CBB}.Release MAC.Build.0 = Release MAC|.NET
		{45021667-BAD2-4ECA-8423-F4734F914CBB}.Release PLJ.ActiveCfg = Release MAC|.NET
		{45021667-BAD2-4ECA-8423-F4734F914CBB}.Release PLJ.Build.0 = Release MAC|.NET
		{6AA664E9-B45F-4D61-9B9F-E68341C16473}.Debug.ActiveCfg = Debug|.NET
		{6AA664E9-B45F-4D61-9B9F-E68341C16473}.Debug.Build.0 = Debug|.NET
		{6AA664E9-B45F-4D61-9B9F-E68341C16473}.Debug Txtr.ActiveCfg = Debug Txtr|.NET
		{6AA664E9-B45F-4D61-9B9F-E68341C16473}.Debug Txtr.Build.0 = Debug Txtr|.NET
		{6AA664E9-B45F-4D61-9B9F-E68341C16473}.Release.ActiveCfg = Release|.NET
		{6AA664E9-B45F-4D61-9B9F-E68341C16473}.Release.Build.0 = Release|.NET
		{6AA664E9-B45F-4D61-9B9F-E68341C16473}.Release MAC.ActiveCfg = Release MAC|.NET
		{6AA664E9-B45F-4D61-9B9F-E68341C16473}.Release MAC.Build.0 = Release MAC|.NET
		{6AA664E9-B45F-4D61-9B9F-E68341C16473}.Release PLJ.ActiveCfg = Release MAC|.NET
		{6AA664E9-B45F-4D61-9B9F-E68341C16473}.Release PLJ.Build.0 = Release MAC|.NET
		{5C259432-EF3E-4BAA-BB2F-28E1459FD0D9}.Debug.ActiveCfg = Debug|.NET
		{5C259432-EF3E-4BAA-BB2F-28E1459FD0D9}.Debug.Build.0 = Debug|.NET
		{5C259432-EF3E-4BAA-BB2F-28E1459FD0D9}.Debug Txtr.ActiveCfg = Debug|.NET
		{5C259432-EF3E-4BAA-BB2F-28E1459FD0D9}.Debug Txtr.Build.0 = Debug|.NET
		{5C259432-EF3E-4BAA-BB2F-28E1459FD0D9}.Release.ActiveCfg = Release|.NET
		{5C259432-EF3E-4BAA-BB2F-28E1459FD0D9}.Release.Build.0 = Release|.NET
		{5C259432-EF3E-4BAA-BB2F-28E1459FD0D9}.Release MAC.ActiveCfg = Release MAC|.NET
		{5C259432-EF3E-4BAA-BB2F-28E1459FD0D9}.Release MAC.Build.0 = Release MAC|.NET
		{5C259432-EF3E-4BAA-BB2F-28E1459FD0D9}.Release PLJ.ActiveCfg = Release MAC|.NET
		{5C259432-EF3E-4BAA-BB2F-28E1459FD0D9}.Release PLJ.Build.0 = Release MAC|.NET
		{2EA51E60-64FA-4822-AE2A-A996BA79AA76}.Debug.ActiveCfg = Debug|.NET
		{2EA51E60-64FA-4822-AE2A-A996BA79AA76}.Debug.Build.0 = Debug|.NET
		{2EA51E60-64FA-4822-AE2A-A996BA79AA76}.Debug Txtr.ActiveCfg = Debug|.NET
		{2EA51E60-64FA-4822-AE2A-A996BA79AA76}.Debug Txtr.Build.0 = Debug|.NET
		{2EA51E60-64FA-4822-AE2A-A996BA79AA76}.Release.ActiveCfg = Release|.NET
		{2EA51E60-64FA-4822-AE2A-A996BA79AA76}.Release.Build.0 = Release|.NET
		{2EA51E60-64FA-4822-AE2A-A996BA79AA76}.Release MAC.ActiveCfg = Release MAC|.NET
		{2EA51E60-64FA-4822-AE2A-A996BA79AA76}.Release MAC.Build.0 = Release MAC|.NET
		{2EA51E60-64FA-4822-AE2A-A996BA79AA76}.Release PLJ.ActiveCfg = Release PLJ|.NET
		{2EA51E60-64FA-4822-AE2A-A996BA79AA76}.Release PLJ.Build.0 = Release PLJ|.NET
		{2A67C9C3-9577-4922-991F-291EAA6B4F2D}.Debug.ActiveCfg = Debug|.NET
		{2A67C9C3-9577-4922-991F-291EAA6B4F2D}.Debug.Build.0 = Debug|.NET
		{2A67C9C3-9577-4922-991F-291EAA6B4F2D}.Debug Txtr.ActiveCfg = Debug Txtr|.NET
		{2A67C9C3-9577-4922-991F-291EAA6B4F2D}.Debug Txtr.Build.0 = Debug Txtr|.NET
		{2A67C9C3-9577-4922-991F-291EAA6B4F2D}.Release.ActiveCfg = Release|.NET
		{2A67C9C3-9577-4922-991F-291EAA6B4F2D}.Release.Build.0 = Release|.NET
		{2A67C9C3-9577-4922-991F-291EAA6B4F2D}.Release MAC.ActiveCfg = Release MAC|.NET
		{2A67C9C3-9577-4922-991F-291EAA6B4F2D}.Release MAC.Build.0 = Release MAC|.NET
		{2A67C9C3-9577-4922-991F-291EAA6B4F2D}.Release PLJ.ActiveCfg = Release PLJ|.NET
		{2A67C9C3-9577-4922-991F-291EAA6B4F2D}.Release PLJ.Build.0 = Release PLJ|.NET
		{F7DD4A1A-8C32-4247-9AE9-AE4372455A24}.Debug.ActiveCfg = Debug|.NET
		{F7DD4A1A-8C32-4247-9AE9-AE4372455A24}.Debug.Build.0 = Debug|.NET
		{F7DD4A1A-8C32-4247-9AE9-AE4372455A24}.Debug Txtr.ActiveCfg = Debug|.NET
		{F7DD4A1A-8C32-4247-9AE9-AE4372455A24}.Debug Txtr.Build.0 = Debug|.NET
		{F7DD4A1A-8C32-4247-9AE9-AE4372455A24}.Release.ActiveCfg = Release|.NET
		{F7DD4A1A-8C32-4247-9AE9-AE4372455A24}.Release.Build.0 = Release|.NET
		{F7DD4A1A-8C32-4247-9AE9-AE4372455A24}.Release MAC.ActiveCfg = Release|.NET
		{F7DD4A1A-8C32-4247-9AE9-AE4372455A24}.Release MAC.Build.0 = Release|.NET
		{F7DD4A1A-8C32-4247-9AE9-AE4372455A24}.Release PLJ.ActiveCfg = Release|.NET
		{F7DD4A1A-8C32-4247-9AE9-AE4372455A24}.Release PLJ.Build.0 = Release|.NET
		{4A0695E9-8C32-4F70-B7C7-B7F2EF7E38B6}.Debug.ActiveCfg = Debug|.NET
		{4A0695E9-8C32-4F70-B7C7-B7F2EF7E38B6}.Debug.Build.0 = Debug|.NET
		{4A0695E9-8C32-4F70-B7C7-B7F2EF7E38B6}.Debug Txtr.ActiveCfg = Debug|.NET
		{4A0695E9-8C32-4F70-B7C7-B7F2EF7E38B6}.Debug Txtr.Build.0 = Debug|.NET
		{4A0695E9-8C32-4F70-B7C7-B7F2EF7E38B6}.Release.ActiveCfg = Release|.NET
		{4A0695E9-8C32-4F70-B7C7-B7F2EF7E38B6}.Release.Build.0 = Release|.NET
		{4A0695E9-8C32-4F70-B7C7-B7F2EF7E38B6}.Release MAC.ActiveCfg = Release PLJ|.NET
		{4A0695E9-8C32-4F70-B7C7-B7F2EF7E38B6}.Release MAC.Build.0 = Release PLJ|.NET
		{4A0695E9-8C32-4F70-B7C7-B7F2EF7E38B6}.Release PLJ.ActiveCfg = Release PLJ|.NET
		{4A0695E9-8C32-4F70-B7C7-B7F2EF7E38B6}.Release PLJ.Build.0 = Release PLJ|.NET
		{7D2EE6ED-78C1-4738-9AE1-E3C165A81E3D}.Debug.ActiveCfg = Debug|.NET
		{7D2EE6ED-78C1-4738-9AE1-E3C165A81E3D}.Debug.Build.0 = Debug|.NET
		{7D2EE6ED-78C1-4738-9AE1-E3C165A81E3D}.Debug Txtr.ActiveCfg = Debug|.NET
		{7D2EE6ED-78C1-4738-9AE1-E3C165A81E3D}.Debug Txtr.Build.0 = Debug|.NET
		{7D2EE6ED-78C1-4738-9AE1-E3C165A81E3D}.Release.ActiveCfg = Release|.NET
		{7D2EE6ED-78C1-4738-9AE1-E3C165A81E3D}.Release.Build.0 = Release|.NET
		{7D2EE6ED-78C1-4738-9AE1-E3C165A81E3D}.Release MAC.ActiveCfg = Release|.NET
		{7D2EE6ED-78C1-4738-9AE1-E3C165A81E3D}.Release MAC.Build.0 = Release|.NET
		{7D2EE6ED-78C1-4738-9AE1-E3C165A81E3D}.Release PLJ.ActiveCfg = Release|.NET
		{7D2EE6ED-78C1-4738-9AE1-E3C165A81E3D}.Release PLJ.Build.0 = Release|.NET
		{9877B092-C8C0-4B84-B5A0-F9A68AA1C0E4}.Debug.ActiveCfg = Debug|.NET
		{9877B092-C8C0-4B84-B5A0-F9A68AA1C0E4}.Debug.Build.0 = Debug|.NET
		{9877B092-C8C0-4B84-B5A0-F9A68AA1C0E4}.Debug Txtr.ActiveCfg = Debug|.NET
		{9877B092-C8C0-4B84-B5A0-F9A68AA1C0E4}.Debug Txtr.Build.0 = Debug|.NET
		{9877B092-C8C0-4B84-B5A0-F9A68AA1C0E4}.Release.ActiveCfg = Release|.NET
		{9877B092-C8C0-4B84-B5A0-F9A68AA1C0E4}.Release.Build.0 = Release|.NET
		{9877B092-C8C0-4B84-B5A0-F9A68AA1C0E4}.Release MAC.ActiveCfg = Release|.NET
		{9877B092-C8C0-4B84-B5A0-F9A68AA1C0E4}.Release MAC.Build.0 = Release|.NET
		{9877B092-C8C0-4B84-B5A0-F9A68AA1C0E4}.Release PLJ.ActiveCfg = Release|.NET
		{9877B092-C8C0-4B84-B5A0-F9A68AA1C0E4}.Release PLJ.Build.0 = Release|.NET
		{5C663721-B4E3-43F7-A39F-9E6060FA5433}.Debug.ActiveCfg = Debug|.NET
		{5C663721-B4E3-43F7-A39F-9E6060FA5433}.Debug.Build.0 = Debug|.NET
		{5C663721-B4E3-43F7-A39F-9E6060FA5433}.Debug Txtr.ActiveCfg = Debug|.NET
		{5C663721-B4E3-43F7-A39F-9E6060FA5433}.Debug Txtr.Build.0 = Debug|.NET
		{5C663721-B4E3-43F7-A39F-9E6060FA5433}.Release.ActiveCfg = Release|.NET
		{5C663721-B4E3-43F7-A39F-9E6060FA5433}.Release.Build.0 = Release|.NET
		{5C663721-B4E3-43F7-A39F-9E6060FA5433}.Release MAC.ActiveCfg = Release|.NET
		{5C663721-B4E3-43F7-A39F-9E6060FA5433}.Release MAC.Build.0 = Release|.NET
		{5C663721-B4E3-43F7-A39F-9E6060FA5433}.Release PLJ.ActiveCfg = Release|.NET
		{5C663721-B4E3-43F7-A39F-9E6060FA5433}.Release PLJ.Build.0 = Release|.NET
		{8886DFAA-51F0-4E64-A754-EF4FCB9CCA4B}.Debug.ActiveCfg = Debug|.NET
		{8886DFAA-51F0-4E64-A754-EF4FCB9CCA4B}.Debug.Build.0 = Debug|.NET
		{8886DFAA-51F0-4E64-A754-EF4FCB9CCA4B}.Debug Txtr.ActiveCfg = Debug|.NET
		{8886DFAA-51F0-4E64-A754-EF4FCB9CCA4B}.Debug Txtr.Build.0 = Debug|.NET
		{8886DFAA-51F0-4E64-A754-EF4FCB9CCA4B}.Release.ActiveCfg = Release|.NET
		{8886DFAA-51F0-4E64-A754-EF4FCB9CCA4B}.Release.Build.0 = Release|.NET
		{8886DFAA-51F0-4E64-A754-EF4FCB9CCA4B}.Release MAC.ActiveCfg = Release|.NET
		{8886DFAA-51F0-4E64-A754-EF4FCB9CCA4B}.Release MAC.Build.0 = Release|.NET
		{8886DFAA-51F0-4E64-A754-EF4FCB9CCA4B}.Release PLJ.ActiveCfg = Release|.NET
		{8886DFAA-51F0-4E64-A754-EF4FCB9CCA4B}.Release PLJ.Build.0 = Release|.NET
		{B552AF25-66F1-4DFE-8760-2D3053F57E7C}.Debug.ActiveCfg = Debug|.NET
		{B552AF25-66F1-4DFE-8760-2D3053F57E7C}.Debug.Build.0 = Debug|.NET
		{B552AF25-66F1-4DFE-8760-2D3053F57E7C}.Debug Txtr.ActiveCfg = Debug|.NET
		{B552AF25-66F1-4DFE-8760-2D3053F57E7C}.Debug Txtr.Build.0 = Debug|.NET
		{B552AF25-66F1-4DFE-8760-2D3053F57E7C}.Release.ActiveCfg = Release|.NET
		{B552AF25-66F1-4DFE-8760-2D3053F57E7C}.Release.Build.0 = Release|.NET
		{B552AF25-66F1-4DFE-8760-2D3053F57E7C}.Release MAC.ActiveCfg = Release|.NET
		{B552AF25-66F1-4DFE-8760-2D3053F57E7C}.Release MAC.Build.0 = Release|.NET
		{B552AF25-66F1-4DFE-8760-2D3053F57E7C}.Release PLJ.ActiveCfg = Release|.NET
		{B552AF25-66F1-4DFE-8760-2D3053F57E7C}.Release PLJ.Build.0 = Release|.NET
		{4B573801-C012-4C34-88A8-3D4CE694C905}.Debug.ActiveCfg = Debug|.NET
		{4B573801-C012-4C34-88A8-3D4CE694C905}.Debug.Build.0 = Debug|.NET
		{4B573801-C012-4C34-88A8-3D4CE694C905}.Debug Txtr.ActiveCfg = Debug|.NET
		{4B573801-C012-4C34-88A8-3D4CE694C905}.Debug Txtr.Build.0 = Debug|.NET
		{4B573801-C012-4C34-88A8-3D4CE694C905}.Release.ActiveCfg = Release|.NET
		{4B573801-C012-4C34-88A8-3D4CE694C905}.Release.Build.0 = Release|.NET
		{4B573801-C012-4C34-88A8-3D4CE694C905}.Release MAC.ActiveCfg = Release PLJ|.NET
		{4B573801-C012-4C34-88A8-3D4CE694C905}.Release MAC.Build.0 = Release PLJ|.NET
		{4B573801-C012-4C34-88A8-3D4CE694C905}.Release PLJ.ActiveCfg = Release PLJ|.NET
		{4B573801-C012-4C34-88A8-3D4CE694C905}.Release PLJ.Build.0 = Release PLJ|.NET
	EndGlobalSection
	GlobalSection(ExtensibilityGlobals) = postSolution
	EndGlobalSection
	GlobalSection(ExtensibilityAddIns) = postSolution
	EndGlobalSection
EndGlobal
