Microsoft Visual Studio Solution File, Format Version 8.00
Project("{FAE04EC0-301F-11D3-BF4B-00C04F79EFBC}") = "Wizards of SimPe", "Wizards of SimPe.csproj", "{9C10B224-7ABC-46D1-9ADC-58A817D6AF59}"
	ProjectSection(ProjectDependencies) = postProject
	EndProjectSection
EndProject
Project("{FAE04EC0-301F-11D3-BF4B-00C04F79EFBC}") = "WOSimPe - DemoWizard", "..\WOSimPe - DemoWizard\WOSimPe - DemoWizard.csproj", "{55A67A5D-43E8-4290-B52F-230233B1439D}"
	ProjectSection(ProjectDependencies) = postProject
	EndProjectSection
EndProject
Project("{FAE04EC0-301F-11D3-BF4B-00C04F79EFBC}") = "WOSimPE - Interfaces", "..\WOSimPE - Interfaces\WOSimPE - Interfaces.csproj", "{833C3B98-5A2D-476B-8B4B-C9548C1C99B6}"
	ProjectSection(ProjectDependencies) = postProject
	EndProjectSection
EndProject
Project("{FAE04EC0-301F-11D3-BF4B-00C04F79EFBC}") = "SimPe Helper", "..\SimPe Helper\SimPe Helper.csproj", "{59E3C353-1350-42D8-A045-CBBAD232F228}"
	ProjectSection(ProjectDependencies) = postProject
	EndProjectSection
EndProject
Project("{FAE04EC0-301F-11D3-BF4B-00C04F79EFBC}") = "SimPe Interfaces", "..\SimPe Interfaces\SimPe Interfaces.csproj", "{74FCBBEC-105A-4006-A1FC-8EF4F80FD2D7}"
	ProjectSection(ProjectDependencies) = postProject
	EndProjectSection
EndProject
Project("{FAE04EC0-301F-11D3-BF4B-00C04F79EFBC}") = "SimPe HandlerCommon", "..\SimPe HandlerCommon\SimPe HandlerCommon.csproj", "{A4CC48FD-9574-4F0B-B721-9E8C1B1E6A8A}"
	ProjectSection(ProjectDependencies) = postProject
	EndProjectSection
EndProject
Project("{FAE04EC0-301F-11D3-BF4B-00C04F79EFBC}") = "WOSimPe - Recolor", "..\WOSimPe - Recolor\WOSimPe - Recolor.csproj", "{55A67A5D-43E8-4290-B52F-230233B1439D}"
	ProjectSection(ProjectDependencies) = postProject
	EndProjectSection
EndProject
Project("{FAE04EC0-301F-11D3-BF4B-00C04F79EFBC}") = "SimPe Toolbox", "..\SimPe Toolbox\SimPe Toolbox.csproj", "{4B573801-C012-4C34-88A8-3D4CE694C905}"
	ProjectSection(ProjectDependencies) = postProject
	EndProjectSection
EndProject
Project("{FAE04EC0-301F-11D3-BF4B-00C04F79EFBC}") = "SimPe Packages", "..\SimPe Packages\SimPe Packages.csproj", "{1C6C45BF-FE19-4C23-B327-01F45B0F269C}"
	ProjectSection(ProjectDependencies) = postProject
	EndProjectSection
EndProject
Project("{FAE04EC0-301F-11D3-BF4B-00C04F79EFBC}") = "SimPe Extended Filehandlers", "..\SimPe Extended Filehandlers\SimPe Extended Filehandlers.csproj", "{7EF7C30C-2968-46E8-AA74-79EDB0FE8F2A}"
	ProjectSection(ProjectDependencies) = postProject
	EndProjectSection
EndProject
Project("{FAE04EC0-301F-11D3-BF4B-00C04F79EFBC}") = "SimPe FileHandlers", "..\SimPe FileHandler\SimPe FileHandlers.csproj", "{97551C0A-6295-4E32-8E15-A4FF456E65A6}"
	ProjectSection(ProjectDependencies) = postProject
	EndProjectSection
EndProject
Project("{FAE04EC0-301F-11D3-BF4B-00C04F79EFBC}") = "SimsGUID", "..\SimsGUID\SimsGUID.csproj", "{8A2A1FCD-F166-4AE8-A87A-7424215C93AF}"
	ProjectSection(ProjectDependencies) = postProject
	EndProjectSection
EndProject
Project("{FAE04EC0-301F-11D3-BF4B-00C04F79EFBC}") = "SimPe Clst", "..\SimPe Clst\SimPe Clst.csproj", "{5DD89FD7-1E89-49D4-B48D-CC605D767C3B}"
	ProjectSection(ProjectDependencies) = postProject
	EndProjectSection
EndProject
Project("{FAE04EC0-301F-11D3-BF4B-00C04F79EFBC}") = "SimPe HGBH", "..\SimPe HGBH\SimPe HGBH.csproj", "{2A67C9C3-9577-4922-991F-291EAA6B4F2D}"
	ProjectSection(ProjectDependencies) = postProject
	EndProjectSection
EndProject
Project("{FAE04EC0-301F-11D3-BF4B-00C04F79EFBC}") = "SimPe RCOL", "..\SimPe RCOL\SimPe RCOL.csproj", "{74517907-2236-4C45-80ED-E188D5E5CE0E}"
	ProjectSection(ProjectDependencies) = postProject
	EndProjectSection
EndProject
Project("{FAE04EC0-301F-11D3-BF4B-00C04F79EFBC}") = "SimPe BHAV", "..\SimPe BHAV\SimPe BHAV.csproj", "{6AA664E9-B45F-4D61-9B9F-E68341C16473}"
	ProjectSection(ProjectDependencies) = postProject
	EndProjectSection
EndProject
Project("{FAE04EC0-301F-11D3-BF4B-00C04F79EFBC}") = "SimPe 3IDR", "..\SimPe 3IDR\SimPe 3IDR.csproj", "{37D97490-DC9F-4DB7-9215-998C6BC06078}"
	ProjectSection(ProjectDependencies) = postProject
	EndProjectSection
EndProject
Project("{FAE04EC0-301F-11D3-BF4B-00C04F79EFBC}") = "TGA_View", "..\TGA_View\TGA_View.csproj", "{320E7C5E-60E6-4069-9852-D296DB688F5D}"
	ProjectSection(ProjectDependencies) = postProject
	EndProjectSection
EndProject
Project("{FAE04EC0-301F-11D3-BF4B-00C04F79EFBC}") = "SimPe GenericBase", "..\SimPe GenericBase\SimPe GenericBase.csproj", "{1DD372F9-D6F9-4724-8E7F-12BDE0FFAC74}"
	ProjectSection(ProjectDependencies) = postProject
	EndProjectSection
EndProject
Project("{FAE04EC0-301F-11D3-BF4B-00C04F79EFBC}") = "SimPe GenericFileHandlers", "..\SimPe GenericHandlers\SimPe GenericFileHandlers.csproj", "{CE6B173A-B19F-40B6-94A3-D8FB8A3FB74B}"
	ProjectSection(ProjectDependencies) = postProject
	EndProjectSection
EndProject
Project("{FAE04EC0-301F-11D3-BF4B-00C04F79EFBC}") = "SimPe Commandline", "..\SimPe Commandline\SimPe Commandline.csproj", "{0D63B13E-F41B-456C-92D0-C0BB3FE8744F}"
	ProjectSection(ProjectDependencies) = postProject
	EndProjectSection
EndProject
Project("{FAE04EC0-301F-11D3-BF4B-00C04F79EFBC}") = "3DView", "..\3DView\3DView.csproj", "{F2CCCDBC-B05F-4C9C-B57F-27A07ACEF9BE}"
	ProjectSection(ProjectDependencies) = postProject
	EndProjectSection
EndProject
Project("{FAE04EC0-301F-11D3-BF4B-00C04F79EFBC}") = "SimPe Scenegraph", "..\SimPe Scenegraph\SimPe Scenegraph.csproj", "{1151A88B-47AF-41DA-BCDF-DEFED0CC326E}"
	ProjectSection(ProjectDependencies) = postProject
	EndProjectSection
EndProject
Global
	GlobalSection(SolutionConfiguration) = preSolution
		Debug = Debug
		Debug Txtr = Debug Txtr
		Release = Release
	EndGlobalSection
	GlobalSection(ProjectConfiguration) = postSolution
		{9C10B224-7ABC-46D1-9ADC-58A817D6AF59}.Debug.ActiveCfg = Debug|.NET
		{9C10B224-7ABC-46D1-9ADC-58A817D6AF59}.Debug.Build.0 = Debug|.NET
		{9C10B224-7ABC-46D1-9ADC-58A817D6AF59}.Debug Txtr.ActiveCfg = Debug|.NET
		{9C10B224-7ABC-46D1-9ADC-58A817D6AF59}.Debug Txtr.Build.0 = Debug|.NET
		{9C10B224-7ABC-46D1-9ADC-58A817D6AF59}.Release.ActiveCfg = Release|.NET
		{9C10B224-7ABC-46D1-9ADC-58A817D6AF59}.Release.Build.0 = Release|.NET
		{55A67A5D-43E8-4290-B52F-230233B1439D}.Debug.ActiveCfg = Debug|.NET
		{55A67A5D-43E8-4290-B52F-230233B1439D}.Debug.Build.0 = Debug|.NET
		{55A67A5D-43E8-4290-B52F-230233B1439D}.Debug Txtr.ActiveCfg = Debug|.NET
		{55A67A5D-43E8-4290-B52F-230233B1439D}.Debug Txtr.Build.0 = Debug|.NET
		{55A67A5D-43E8-4290-B52F-230233B1439D}.Release.ActiveCfg = Release|.NET
		{55A67A5D-43E8-4290-B52F-230233B1439D}.Release.Build.0 = Release|.NET
		{833C3B98-5A2D-476B-8B4B-C9548C1C99B6}.Debug.ActiveCfg = Debug|.NET
		{833C3B98-5A2D-476B-8B4B-C9548C1C99B6}.Debug.Build.0 = Debug|.NET
		{833C3B98-5A2D-476B-8B4B-C9548C1C99B6}.Debug Txtr.ActiveCfg = Debug|.NET
		{833C3B98-5A2D-476B-8B4B-C9548C1C99B6}.Debug Txtr.Build.0 = Debug|.NET
		{833C3B98-5A2D-476B-8B4B-C9548C1C99B6}.Release.ActiveCfg = Release|.NET
		{833C3B98-5A2D-476B-8B4B-C9548C1C99B6}.Release.Build.0 = Release|.NET
		{59E3C353-1350-42D8-A045-CBBAD232F228}.Debug.ActiveCfg = Debug|.NET
		{59E3C353-1350-42D8-A045-CBBAD232F228}.Debug.Build.0 = Debug|.NET
		{59E3C353-1350-42D8-A045-CBBAD232F228}.Debug Txtr.ActiveCfg = Debug Txtr|.NET
		{59E3C353-1350-42D8-A045-CBBAD232F228}.Debug Txtr.Build.0 = Debug Txtr|.NET
		{59E3C353-1350-42D8-A045-CBBAD232F228}.Release.ActiveCfg = Release|.NET
		{59E3C353-1350-42D8-A045-CBBAD232F228}.Release.Build.0 = Release|.NET
		{74FCBBEC-105A-4006-A1FC-8EF4F80FD2D7}.Debug.ActiveCfg = Debug|.NET
		{74FCBBEC-105A-4006-A1FC-8EF4F80FD2D7}.Debug.Build.0 = Debug|.NET
		{74FCBBEC-105A-4006-A1FC-8EF4F80FD2D7}.Debug Txtr.ActiveCfg = Debug Txtr|.NET
		{74FCBBEC-105A-4006-A1FC-8EF4F80FD2D7}.Debug Txtr.Build.0 = Debug Txtr|.NET
		{74FCBBEC-105A-4006-A1FC-8EF4F80FD2D7}.Release.ActiveCfg = Release|.NET
		{74FCBBEC-105A-4006-A1FC-8EF4F80FD2D7}.Release.Build.0 = Release|.NET
		{A4CC48FD-9574-4F0B-B721-9E8C1B1E6A8A}.Debug.ActiveCfg = Debug|.NET
		{A4CC48FD-9574-4F0B-B721-9E8C1B1E6A8A}.Debug.Build.0 = Debug|.NET
		{A4CC48FD-9574-4F0B-B721-9E8C1B1E6A8A}.Debug Txtr.ActiveCfg = Debug Txtr|.NET
		{A4CC48FD-9574-4F0B-B721-9E8C1B1E6A8A}.Debug Txtr.Build.0 = Debug Txtr|.NET
		{A4CC48FD-9574-4F0B-B721-9E8C1B1E6A8A}.Release.ActiveCfg = Release|.NET
		{A4CC48FD-9574-4F0B-B721-9E8C1B1E6A8A}.Release.Build.0 = Release|.NET
		{55A67A5D-43E8-4290-B52F-230233B1439D}.Debug.ActiveCfg = Debug|.NET
		{55A67A5D-43E8-4290-B52F-230233B1439D}.Debug.Build.0 = Debug|.NET
		{55A67A5D-43E8-4290-B52F-230233B1439D}.Debug Txtr.ActiveCfg = Debug|.NET
		{55A67A5D-43E8-4290-B52F-230233B1439D}.Debug Txtr.Build.0 = Debug|.NET
		{55A67A5D-43E8-4290-B52F-230233B1439D}.Release.ActiveCfg = Release|.NET
		{55A67A5D-43E8-4290-B52F-230233B1439D}.Release.Build.0 = Release|.NET
		{4B573801-C012-4C34-88A8-3D4CE694C905}.Debug.ActiveCfg = Debug|.NET
		{4B573801-C012-4C34-88A8-3D4CE694C905}.Debug.Build.0 = Debug|.NET
		{4B573801-C012-4C34-88A8-3D4CE694C905}.Debug Txtr.ActiveCfg = Debug Txtr|.NET
		{4B573801-C012-4C34-88A8-3D4CE694C905}.Debug Txtr.Build.0 = Debug Txtr|.NET
		{4B573801-C012-4C34-88A8-3D4CE694C905}.Release.ActiveCfg = Release|.NET
		{4B573801-C012-4C34-88A8-3D4CE694C905}.Release.Build.0 = Release|.NET
		{1C6C45BF-FE19-4C23-B327-01F45B0F269C}.Debug.ActiveCfg = Debug|.NET
		{1C6C45BF-FE19-4C23-B327-01F45B0F269C}.Debug.Build.0 = Debug|.NET
		{1C6C45BF-FE19-4C23-B327-01F45B0F269C}.Debug Txtr.ActiveCfg = Debug Txtr|.NET
		{1C6C45BF-FE19-4C23-B327-01F45B0F269C}.Debug Txtr.Build.0 = Debug Txtr|.NET
		{1C6C45BF-FE19-4C23-B327-01F45B0F269C}.Release.ActiveCfg = Release|.NET
		{1C6C45BF-FE19-4C23-B327-01F45B0F269C}.Release.Build.0 = Release|.NET
		{7EF7C30C-2968-46E8-AA74-79EDB0FE8F2A}.Debug.ActiveCfg = Debug|.NET
		{7EF7C30C-2968-46E8-AA74-79EDB0FE8F2A}.Debug.Build.0 = Debug|.NET
		{7EF7C30C-2968-46E8-AA74-79EDB0FE8F2A}.Debug Txtr.ActiveCfg = Debug|.NET
		{7EF7C30C-2968-46E8-AA74-79EDB0FE8F2A}.Debug Txtr.Build.0 = Debug|.NET
		{7EF7C30C-2968-46E8-AA74-79EDB0FE8F2A}.Release.ActiveCfg = Release|.NET
		{7EF7C30C-2968-46E8-AA74-79EDB0FE8F2A}.Release.Build.0 = Release|.NET
		{97551C0A-6295-4E32-8E15-A4FF456E65A6}.Debug.ActiveCfg = Debug|.NET
		{97551C0A-6295-4E32-8E15-A4FF456E65A6}.Debug.Build.0 = Debug|.NET
		{97551C0A-6295-4E32-8E15-A4FF456E65A6}.Debug Txtr.ActiveCfg = Debug Txtr|.NET
		{97551C0A-6295-4E32-8E15-A4FF456E65A6}.Debug Txtr.Build.0 = Debug Txtr|.NET
		{97551C0A-6295-4E32-8E15-A4FF456E65A6}.Release.ActiveCfg = Release|.NET
		{97551C0A-6295-4E32-8E15-A4FF456E65A6}.Release.Build.0 = Release|.NET
		{8A2A1FCD-F166-4AE8-A87A-7424215C93AF}.Debug.ActiveCfg = Debug|.NET
		{8A2A1FCD-F166-4AE8-A87A-7424215C93AF}.Debug.Build.0 = Debug|.NET
		{8A2A1FCD-F166-4AE8-A87A-7424215C93AF}.Debug Txtr.ActiveCfg = Debug Txtr|.NET
		{8A2A1FCD-F166-4AE8-A87A-7424215C93AF}.Debug Txtr.Build.0 = Debug Txtr|.NET
		{8A2A1FCD-F166-4AE8-A87A-7424215C93AF}.Release.ActiveCfg = Release|.NET
		{8A2A1FCD-F166-4AE8-A87A-7424215C93AF}.Release.Build.0 = Release|.NET
		{5DD89FD7-1E89-49D4-B48D-CC605D767C3B}.Debug.ActiveCfg = Debug|.NET
		{5DD89FD7-1E89-49D4-B48D-CC605D767C3B}.Debug.Build.0 = Debug|.NET
		{5DD89FD7-1E89-49D4-B48D-CC605D767C3B}.Debug Txtr.ActiveCfg = Debug Txtr|.NET
		{5DD89FD7-1E89-49D4-B48D-CC605D767C3B}.Debug Txtr.Build.0 = Debug Txtr|.NET
		{5DD89FD7-1E89-49D4-B48D-CC605D767C3B}.Release.ActiveCfg = Release|.NET
		{5DD89FD7-1E89-49D4-B48D-CC605D767C3B}.Release.Build.0 = Release|.NET
		{2A67C9C3-9577-4922-991F-291EAA6B4F2D}.Debug.ActiveCfg = Debug|.NET
		{2A67C9C3-9577-4922-991F-291EAA6B4F2D}.Debug.Build.0 = Debug|.NET
		{2A67C9C3-9577-4922-991F-291EAA6B4F2D}.Debug Txtr.ActiveCfg = Debug Txtr|.NET
		{2A67C9C3-9577-4922-991F-291EAA6B4F2D}.Debug Txtr.Build.0 = Debug Txtr|.NET
		{2A67C9C3-9577-4922-991F-291EAA6B4F2D}.Release.ActiveCfg = Release|.NET
		{2A67C9C3-9577-4922-991F-291EAA6B4F2D}.Release.Build.0 = Release|.NET
		{74517907-2236-4C45-80ED-E188D5E5CE0E}.Debug.ActiveCfg = Debug|.NET
		{74517907-2236-4C45-80ED-E188D5E5CE0E}.Debug.Build.0 = Debug|.NET
		{74517907-2236-4C45-80ED-E188D5E5CE0E}.Debug Txtr.ActiveCfg = Debug Txtr|.NET
		{74517907-2236-4C45-80ED-E188D5E5CE0E}.Debug Txtr.Build.0 = Debug Txtr|.NET
		{74517907-2236-4C45-80ED-E188D5E5CE0E}.Release.ActiveCfg = Release|.NET
		{74517907-2236-4C45-80ED-E188D5E5CE0E}.Release.Build.0 = Release|.NET
		{6AA664E9-B45F-4D61-9B9F-E68341C16473}.Debug.ActiveCfg = Debug|.NET
		{6AA664E9-B45F-4D61-9B9F-E68341C16473}.Debug.Build.0 = Debug|.NET
		{6AA664E9-B45F-4D61-9B9F-E68341C16473}.Debug Txtr.ActiveCfg = Debug Txtr|.NET
		{6AA664E9-B45F-4D61-9B9F-E68341C16473}.Debug Txtr.Build.0 = Debug Txtr|.NET
		{6AA664E9-B45F-4D61-9B9F-E68341C16473}.Release.ActiveCfg = Release|.NET
		{6AA664E9-B45F-4D61-9B9F-E68341C16473}.Release.Build.0 = Release|.NET
		{37D97490-DC9F-4DB7-9215-998C6BC06078}.Debug.ActiveCfg = Debug|.NET
		{37D97490-DC9F-4DB7-9215-998C6BC06078}.Debug.Build.0 = Debug|.NET
		{37D97490-DC9F-4DB7-9215-998C6BC06078}.Debug Txtr.ActiveCfg = Debug Txtr|.NET
		{37D97490-DC9F-4DB7-9215-998C6BC06078}.Debug Txtr.Build.0 = Debug Txtr|.NET
		{37D97490-DC9F-4DB7-9215-998C6BC06078}.Release.ActiveCfg = Release|.NET
		{37D97490-DC9F-4DB7-9215-998C6BC06078}.Release.Build.0 = Release|.NET
		{320E7C5E-60E6-4069-9852-D296DB688F5D}.Debug.ActiveCfg = Debug|.NET
		{320E7C5E-60E6-4069-9852-D296DB688F5D}.Debug.Build.0 = Debug|.NET
		{320E7C5E-60E6-4069-9852-D296DB688F5D}.Debug Txtr.ActiveCfg = Debug Txtr|.NET
		{320E7C5E-60E6-4069-9852-D296DB688F5D}.Debug Txtr.Build.0 = Debug Txtr|.NET
		{320E7C5E-60E6-4069-9852-D296DB688F5D}.Release.ActiveCfg = Release|.NET
		{320E7C5E-60E6-4069-9852-D296DB688F5D}.Release.Build.0 = Release|.NET
		{1DD372F9-D6F9-4724-8E7F-12BDE0FFAC74}.Debug.ActiveCfg = Debug|.NET
		{1DD372F9-D6F9-4724-8E7F-12BDE0FFAC74}.Debug.Build.0 = Debug|.NET
		{1DD372F9-D6F9-4724-8E7F-12BDE0FFAC74}.Debug Txtr.ActiveCfg = Debug Txtr|.NET
		{1DD372F9-D6F9-4724-8E7F-12BDE0FFAC74}.Debug Txtr.Build.0 = Debug Txtr|.NET
		{1DD372F9-D6F9-4724-8E7F-12BDE0FFAC74}.Release.ActiveCfg = Release|.NET
		{1DD372F9-D6F9-4724-8E7F-12BDE0FFAC74}.Release.Build.0 = Release|.NET
		{CE6B173A-B19F-40B6-94A3-D8FB8A3FB74B}.Debug.ActiveCfg = Debug|.NET
		{CE6B173A-B19F-40B6-94A3-D8FB8A3FB74B}.Debug.Build.0 = Debug|.NET
		{CE6B173A-B19F-40B6-94A3-D8FB8A3FB74B}.Debug Txtr.ActiveCfg = Debug Txtr|.NET
		{CE6B173A-B19F-40B6-94A3-D8FB8A3FB74B}.Debug Txtr.Build.0 = Debug Txtr|.NET
		{CE6B173A-B19F-40B6-94A3-D8FB8A3FB74B}.Release.ActiveCfg = Release|.NET
		{CE6B173A-B19F-40B6-94A3-D8FB8A3FB74B}.Release.Build.0 = Release|.NET
		{0D63B13E-F41B-456C-92D0-C0BB3FE8744F}.Debug.ActiveCfg = Debug|.NET
		{0D63B13E-F41B-456C-92D0-C0BB3FE8744F}.Debug.Build.0 = Debug|.NET
		{0D63B13E-F41B-456C-92D0-C0BB3FE8744F}.Debug Txtr.ActiveCfg = Debug|.NET
		{0D63B13E-F41B-456C-92D0-C0BB3FE8744F}.Debug Txtr.Build.0 = Debug|.NET
		{0D63B13E-F41B-456C-92D0-C0BB3FE8744F}.Release.ActiveCfg = Release|.NET
		{0D63B13E-F41B-456C-92D0-C0BB3FE8744F}.Release.Build.0 = Release|.NET
		{F2CCCDBC-B05F-4C9C-B57F-27A07ACEF9BE}.Debug.ActiveCfg = Debug|.NET
		{F2CCCDBC-B05F-4C9C-B57F-27A07ACEF9BE}.Debug.Build.0 = Debug|.NET
		{F2CCCDBC-B05F-4C9C-B57F-27A07ACEF9BE}.Debug Txtr.ActiveCfg = Debug|.NET
		{F2CCCDBC-B05F-4C9C-B57F-27A07ACEF9BE}.Debug Txtr.Build.0 = Debug|.NET
		{F2CCCDBC-B05F-4C9C-B57F-27A07ACEF9BE}.Release.ActiveCfg = Release|.NET
		{F2CCCDBC-B05F-4C9C-B57F-27A07ACEF9BE}.Release.Build.0 = Release|.NET
		{1151A88B-47AF-41DA-BCDF-DEFED0CC326E}.Debug.ActiveCfg = Debug|.NET
		{1151A88B-47AF-41DA-BCDF-DEFED0CC326E}.Debug.Build.0 = Debug|.NET
		{1151A88B-47AF-41DA-BCDF-DEFED0CC326E}.Debug Txtr.ActiveCfg = Debug|.NET
		{1151A88B-47AF-41DA-BCDF-DEFED0CC326E}.Debug Txtr.Build.0 = Debug|.NET
		{1151A88B-47AF-41DA-BCDF-DEFED0CC326E}.Release.ActiveCfg = Release|.NET
		{1151A88B-47AF-41DA-BCDF-DEFED0CC326E}.Release.Build.0 = Release|.NET
	EndGlobalSection
	GlobalSection(ExtensibilityGlobals) = postSolution
	EndGlobalSection
	GlobalSection(ExtensibilityAddIns) = postSolution
	EndGlobalSection
EndGlobal
