Microsoft Visual Studio Solution File, Format Version 9.00
# Visual C# Express 2005
Project("{FAE04EC0-301F-11D3-BF4B-00C04F79EFBC}") = "SimPe Career Editor", "..\Bidou Career Editor\SimPe Career Editor.csproj", "{3D13FA23-1B13-4FA8-8654-D5E7C1BAD823}"
EndProject
Project("{FAE04EC0-301F-11D3-BF4B-00C04F79EFBC}") = "SimPe BHAV", "..\SimPe BHAV\SimPe BHAV.csproj", "{6AA664E9-B45F-4D61-9B9F-E68341C16473}"
EndProject
Global
	GlobalSection(SolutionConfigurationPlatforms) = preSolution
		Debug|Any CPU = Debug|Any CPU
		Release MAC|Any CPU = Release MAC|Any CPU
		Release|Any CPU = Release|Any CPU
	EndGlobalSection
	GlobalSection(ProjectConfigurationPlatforms) = postSolution
		{3D13FA23-1B13-4FA8-8654-D5E7C1BAD823}.Debug|Any CPU.ActiveCfg = Debug|Any CPU
		{3D13FA23-1B13-4FA8-8654-D5E7C1BAD823}.Debug|Any CPU.Build.0 = Debug|Any CPU
		{3D13FA23-1B13-4FA8-8654-D5E7C1BAD823}.Release MAC|Any CPU.ActiveCfg = Release|Any CPU
		{3D13FA23-1B13-4FA8-8654-D5E7C1BAD823}.Release MAC|Any CPU.Build.0 = Release|Any CPU
		{3D13FA23-1B13-4FA8-8654-D5E7C1BAD823}.Release|Any CPU.ActiveCfg = Release|Any CPU
		{3D13FA23-1B13-4FA8-8654-D5E7C1BAD823}.Release|Any CPU.Build.0 = Release|Any CPU
		{6AA664E9-B45F-4D61-9B9F-E68341C16473}.Debug|Any CPU.ActiveCfg = Debug|Any CPU
		{6AA664E9-B45F-4D61-9B9F-E68341C16473}.Debug|Any CPU.Build.0 = Debug|Any CPU
		{6AA664E9-B45F-4D61-9B9F-E68341C16473}.Release MAC|Any CPU.ActiveCfg = Release MAC|Any CPU
		{6AA664E9-B45F-4D61-9B9F-E68341C16473}.Release MAC|Any CPU.Build.0 = Release MAC|Any CPU
		{6AA664E9-B45F-4D61-9B9F-E68341C16473}.Release|Any CPU.ActiveCfg = Release|Any CPU
		{6AA664E9-B45F-4D61-9B9F-E68341C16473}.Release|Any CPU.Build.0 = Release|Any CPU
	EndGlobalSection
	GlobalSection(SolutionProperties) = preSolution
		HideSolutionNode = FALSE
	EndGlobalSection
EndGlobal
