Microsoft Visual Studio Solution File, Format Version 9.00
# Visual Studio 2005
Project("{FAE04EC0-301F-11D3-BF4B-00C04F79EFBC}") = "SimPe Career Editor", "..\Bidou Career Editor\SimPe Career Editor.csproj", "{3D13FA23-1B13-4FA8-8654-D5E7C1BAD823}"
EndProject
Project("{FAE04EC0-301F-11D3-BF4B-00C04F79EFBC}") = "SimPe BHAV", "..\SimPe BHAV\SimPe BHAV.csproj", "{6AA664E9-B45F-4D61-9B9F-E68341C16473}"
EndProject
Project("{FAE04EC0-301F-11D3-BF4B-00C04F79EFBC}") = "SimPE PJSE Simantic Wrappers", "..\SimPE PJSE Simantic Wrappers\SimPE PJSE Simantic Wrappers.csproj", "{D9490E96-C7B1-4024-A976-306A7472B2D3}"
EndProject
Project("{FAE04EC0-301F-11D3-BF4B-00C04F79EFBC}") = "SimPe Interfaces", "..\SimPe Interfaces\SimPe Interfaces.csproj", "{74FCBBEC-105A-4006-A1FC-8EF4F80FD2D7}"
EndProject
Project("{FAE04EC0-301F-11D3-BF4B-00C04F79EFBC}") = "SimPe Helper", "..\SimPe Helper\SimPe Helper.csproj", "{59E3C353-1350-42D8-A045-CBBAD232F228}"
EndProject
Project("{FAE04EC0-301F-11D3-BF4B-00C04F79EFBC}") = "SimPe HandlerCommon", "..\SimPe HandlerCommon\SimPe HandlerCommon.csproj", "{A4CC48FD-9574-4F0B-B721-9E8C1B1E6A8A}"
EndProject
Global
	GlobalSection(SolutionConfigurationPlatforms) = preSolution
		Debug|Any CPU = Debug|Any CPU
		Debug|x86 = Debug|x86
		Release MAC|Any CPU = Release MAC|Any CPU
		Release MAC|x86 = Release MAC|x86
		Release|Any CPU = Release|Any CPU
		Release|x86 = Release|x86
	EndGlobalSection
	GlobalSection(ProjectConfigurationPlatforms) = postSolution
		{3D13FA23-1B13-4FA8-8654-D5E7C1BAD823}.Debug|Any CPU.ActiveCfg = Debug|Any CPU
		{3D13FA23-1B13-4FA8-8654-D5E7C1BAD823}.Debug|Any CPU.Build.0 = Debug|Any CPU
		{3D13FA23-1B13-4FA8-8654-D5E7C1BAD823}.Debug|x86.ActiveCfg = Debug|Any CPU
		{3D13FA23-1B13-4FA8-8654-D5E7C1BAD823}.Release MAC|Any CPU.ActiveCfg = Release|Any CPU
		{3D13FA23-1B13-4FA8-8654-D5E7C1BAD823}.Release MAC|Any CPU.Build.0 = Release|Any CPU
		{3D13FA23-1B13-4FA8-8654-D5E7C1BAD823}.Release MAC|x86.ActiveCfg = Release|Any CPU
		{3D13FA23-1B13-4FA8-8654-D5E7C1BAD823}.Release|Any CPU.ActiveCfg = Release|Any CPU
		{3D13FA23-1B13-4FA8-8654-D5E7C1BAD823}.Release|Any CPU.Build.0 = Release|Any CPU
		{3D13FA23-1B13-4FA8-8654-D5E7C1BAD823}.Release|x86.ActiveCfg = Release|Any CPU
		{6AA664E9-B45F-4D61-9B9F-E68341C16473}.Debug|Any CPU.ActiveCfg = Debug|Any CPU
		{6AA664E9-B45F-4D61-9B9F-E68341C16473}.Debug|Any CPU.Build.0 = Debug|Any CPU
		{6AA664E9-B45F-4D61-9B9F-E68341C16473}.Debug|x86.ActiveCfg = Debug|Any CPU
		{6AA664E9-B45F-4D61-9B9F-E68341C16473}.Release MAC|Any CPU.ActiveCfg = Release MAC|Any CPU
		{6AA664E9-B45F-4D61-9B9F-E68341C16473}.Release MAC|Any CPU.Build.0 = Release MAC|Any CPU
		{6AA664E9-B45F-4D61-9B9F-E68341C16473}.Release MAC|x86.ActiveCfg = Release MAC|Any CPU
		{6AA664E9-B45F-4D61-9B9F-E68341C16473}.Release|Any CPU.ActiveCfg = Release|Any CPU
		{6AA664E9-B45F-4D61-9B9F-E68341C16473}.Release|Any CPU.Build.0 = Release|Any CPU
		{6AA664E9-B45F-4D61-9B9F-E68341C16473}.Release|x86.ActiveCfg = Release|Any CPU
		{D9490E96-C7B1-4024-A976-306A7472B2D3}.Debug|Any CPU.ActiveCfg = Debug|Any CPU
		{D9490E96-C7B1-4024-A976-306A7472B2D3}.Debug|Any CPU.Build.0 = Debug|Any CPU
		{D9490E96-C7B1-4024-A976-306A7472B2D3}.Debug|x86.ActiveCfg = Debug|Any CPU
		{D9490E96-C7B1-4024-A976-306A7472B2D3}.Release MAC|Any CPU.ActiveCfg = Release|Any CPU
		{D9490E96-C7B1-4024-A976-306A7472B2D3}.Release MAC|Any CPU.Build.0 = Release|Any CPU
		{D9490E96-C7B1-4024-A976-306A7472B2D3}.Release MAC|x86.ActiveCfg = Release|Any CPU
		{D9490E96-C7B1-4024-A976-306A7472B2D3}.Release|Any CPU.ActiveCfg = Release|Any CPU
		{D9490E96-C7B1-4024-A976-306A7472B2D3}.Release|Any CPU.Build.0 = Release|Any CPU
		{D9490E96-C7B1-4024-A976-306A7472B2D3}.Release|x86.ActiveCfg = Release|Any CPU
		{74FCBBEC-105A-4006-A1FC-8EF4F80FD2D7}.Debug|Any CPU.ActiveCfg = Debug|Any CPU
		{74FCBBEC-105A-4006-A1FC-8EF4F80FD2D7}.Debug|Any CPU.Build.0 = Debug|Any CPU
		{74FCBBEC-105A-4006-A1FC-8EF4F80FD2D7}.Debug|x86.ActiveCfg = Debug|x86
		{74FCBBEC-105A-4006-A1FC-8EF4F80FD2D7}.Debug|x86.Build.0 = Debug|x86
		{74FCBBEC-105A-4006-A1FC-8EF4F80FD2D7}.Release MAC|Any CPU.ActiveCfg = Release MAC|Any CPU
		{74FCBBEC-105A-4006-A1FC-8EF4F80FD2D7}.Release MAC|Any CPU.Build.0 = Release MAC|Any CPU
		{74FCBBEC-105A-4006-A1FC-8EF4F80FD2D7}.Release MAC|x86.ActiveCfg = Release MAC|x86
		{74FCBBEC-105A-4006-A1FC-8EF4F80FD2D7}.Release MAC|x86.Build.0 = Release MAC|x86
		{74FCBBEC-105A-4006-A1FC-8EF4F80FD2D7}.Release|Any CPU.ActiveCfg = Release|Any CPU
		{74FCBBEC-105A-4006-A1FC-8EF4F80FD2D7}.Release|Any CPU.Build.0 = Release|Any CPU
		{74FCBBEC-105A-4006-A1FC-8EF4F80FD2D7}.Release|x86.ActiveCfg = Release|x86
		{74FCBBEC-105A-4006-A1FC-8EF4F80FD2D7}.Release|x86.Build.0 = Release|x86
		{59E3C353-1350-42D8-A045-CBBAD232F228}.Debug|Any CPU.ActiveCfg = Debug|Any CPU
		{59E3C353-1350-42D8-A045-CBBAD232F228}.Debug|Any CPU.Build.0 = Debug|Any CPU
		{59E3C353-1350-42D8-A045-CBBAD232F228}.Debug|x86.ActiveCfg = Debug|x86
		{59E3C353-1350-42D8-A045-CBBAD232F228}.Debug|x86.Build.0 = Debug|x86
		{59E3C353-1350-42D8-A045-CBBAD232F228}.Release MAC|Any CPU.ActiveCfg = Release Mac|Any CPU
		{59E3C353-1350-42D8-A045-CBBAD232F228}.Release MAC|Any CPU.Build.0 = Release Mac|Any CPU
		{59E3C353-1350-42D8-A045-CBBAD232F228}.Release MAC|x86.ActiveCfg = Release Mac|x86
		{59E3C353-1350-42D8-A045-CBBAD232F228}.Release MAC|x86.Build.0 = Release Mac|x86
		{59E3C353-1350-42D8-A045-CBBAD232F228}.Release|Any CPU.ActiveCfg = Release|Any CPU
		{59E3C353-1350-42D8-A045-CBBAD232F228}.Release|Any CPU.Build.0 = Release|Any CPU
		{59E3C353-1350-42D8-A045-CBBAD232F228}.Release|x86.ActiveCfg = Release|x86
		{59E3C353-1350-42D8-A045-CBBAD232F228}.Release|x86.Build.0 = Release|x86
		{A4CC48FD-9574-4F0B-B721-9E8C1B1E6A8A}.Debug|Any CPU.ActiveCfg = Debug|Any CPU
		{A4CC48FD-9574-4F0B-B721-9E8C1B1E6A8A}.Debug|Any CPU.Build.0 = Debug|Any CPU
		{A4CC48FD-9574-4F0B-B721-9E8C1B1E6A8A}.Debug|x86.ActiveCfg = Debug|x86
		{A4CC48FD-9574-4F0B-B721-9E8C1B1E6A8A}.Debug|x86.Build.0 = Debug|x86
		{A4CC48FD-9574-4F0B-B721-9E8C1B1E6A8A}.Release MAC|Any CPU.ActiveCfg = Release MAC|Any CPU
		{A4CC48FD-9574-4F0B-B721-9E8C1B1E6A8A}.Release MAC|Any CPU.Build.0 = Release MAC|Any CPU
		{A4CC48FD-9574-4F0B-B721-9E8C1B1E6A8A}.Release MAC|x86.ActiveCfg = Release MAC|x86
		{A4CC48FD-9574-4F0B-B721-9E8C1B1E6A8A}.Release MAC|x86.Build.0 = Release MAC|x86
		{A4CC48FD-9574-4F0B-B721-9E8C1B1E6A8A}.Release|Any CPU.ActiveCfg = Release|Any CPU
		{A4CC48FD-9574-4F0B-B721-9E8C1B1E6A8A}.Release|Any CPU.Build.0 = Release|Any CPU
		{A4CC48FD-9574-4F0B-B721-9E8C1B1E6A8A}.Release|x86.ActiveCfg = Release|x86
		{A4CC48FD-9574-4F0B-B721-9E8C1B1E6A8A}.Release|x86.Build.0 = Release|x86
	EndGlobalSection
	GlobalSection(SolutionProperties) = preSolution
		HideSolutionNode = FALSE
	EndGlobalSection
EndGlobal
