Microsoft Visual Studio Solution File, Format Version 8.00
Project("{FAE04EC0-301F-11D3-BF4B-00C04F79EFBC}") = "NewHexEdit", "NewHexEdit.csproj", "{57FB03C0-014D-4347-BF66-16E62ECA1EFF}"
	ProjectSection(ProjectDependencies) = postProject
	EndProjectSection
EndProject
Global
	GlobalSection(SolutionConfiguration) = preSolution
		Debug = Debug
		Debug Txtr = Debug Txtr
		Release = Release
		Release Mac = Release Mac
		Release PLJ = Release PLJ
	EndGlobalSection
	GlobalSection(ProjectConfiguration) = postSolution
		{57FB03C0-014D-4347-BF66-16E62ECA1EFF}.Debug.ActiveCfg = Debug|.NET
		{57FB03C0-014D-4347-BF66-16E62ECA1EFF}.Debug.Build.0 = Debug|.NET
		{57FB03C0-014D-4347-BF66-16E62ECA1EFF}.Debug Txtr.ActiveCfg = Debug Txtr|.NET
		{57FB03C0-014D-4347-BF66-16E62ECA1EFF}.Debug Txtr.Build.0 = Debug Txtr|.NET
		{57FB03C0-014D-4347-BF66-16E62ECA1EFF}.Release.ActiveCfg = Release|.NET
		{57FB03C0-014D-4347-BF66-16E62ECA1EFF}.Release.Build.0 = Release|.NET
		{57FB03C0-014D-4347-BF66-16E62ECA1EFF}.Release Mac.ActiveCfg = Release Mac|.NET
		{57FB03C0-014D-4347-BF66-16E62ECA1EFF}.Release Mac.Build.0 = Release Mac|.NET
		{57FB03C0-014D-4347-BF66-16E62ECA1EFF}.Release PLJ.ActiveCfg = Release PLJ|.NET
		{57FB03C0-014D-4347-BF66-16E62ECA1EFF}.Release PLJ.Build.0 = Release PLJ|.NET
	EndGlobalSection
	GlobalSection(ExtensibilityGlobals) = postSolution
	EndGlobalSection
	GlobalSection(ExtensibilityAddIns) = postSolution
	EndGlobalSection
EndGlobal
