Microsoft Visual Studio Solution File, Format Version 9.00
# Visual C# Express 2005
Project("{FAE04EC0-301F-11D3-BF4B-00C04F79EFBC}") = "SimPe Dockbox", "..\SimPe Dockbox\SimPe Dockbox.csproj", "{5C259432-EF3E-4BAA-BB2F-28E1459FD0D9}"
EndProject
Project("{FAE04EC0-301F-11D3-BF4B-00C04F79EFBC}") = "SimPe Sims2CommunityPack", "..\SimPe Sims2CommunityPack\SimPe Sims2CommunityPack.csproj", "{2EF93119-5C98-4167-B1AF-966E6A45AB79}"
EndProject
Global
	GlobalSection(SolutionConfigurationPlatforms) = preSolution
		Debug|Any CPU = Debug|Any CPU
		Release MAC|Any CPU = Release MAC|Any CPU
		Release|Any CPU = Release|Any CPU
	EndGlobalSection
	GlobalSection(ProjectConfigurationPlatforms) = postSolution
		{5C259432-EF3E-4BAA-BB2F-28E1459FD0D9}.Debug|Any CPU.ActiveCfg = Debug|Any CPU
		{5C259432-EF3E-4BAA-BB2F-28E1459FD0D9}.Debug|Any CPU.Build.0 = Debug|Any CPU
		{5C259432-EF3E-4BAA-BB2F-28E1459FD0D9}.Release MAC|Any CPU.ActiveCfg = Release MAC|Any CPU
		{5C259432-EF3E-4BAA-BB2F-28E1459FD0D9}.Release MAC|Any CPU.Build.0 = Release MAC|Any CPU
		{5C259432-EF3E-4BAA-BB2F-28E1459FD0D9}.Release|Any CPU.ActiveCfg = Release|Any CPU
		{5C259432-EF3E-4BAA-BB2F-28E1459FD0D9}.Release|Any CPU.Build.0 = Release|Any CPU
		{2EF93119-5C98-4167-B1AF-966E6A45AB79}.Debug|Any CPU.ActiveCfg = Debug|Any CPU
		{2EF93119-5C98-4167-B1AF-966E6A45AB79}.Debug|Any CPU.Build.0 = Debug|Any CPU
		{2EF93119-5C98-4167-B1AF-966E6A45AB79}.Release MAC|Any CPU.ActiveCfg = Release|Any CPU
		{2EF93119-5C98-4167-B1AF-966E6A45AB79}.Release MAC|Any CPU.Build.0 = Release|Any CPU
		{2EF93119-5C98-4167-B1AF-966E6A45AB79}.Release|Any CPU.ActiveCfg = Release|Any CPU
		{2EF93119-5C98-4167-B1AF-966E6A45AB79}.Release|Any CPU.Build.0 = Release|Any CPU
	EndGlobalSection
	GlobalSection(SolutionProperties) = preSolution
		HideSolutionNode = FALSE
	EndGlobalSection
EndGlobal
