Microsoft Visual Studio Solution File, Format Version 9.00
# Visual Studio 2005
Project("{FAE04EC0-301F-11D3-BF4B-00C04F79EFBC}") = "SimPe Interfaces", "..\SimPe Interfaces\SimPe Interfaces.csproj", "{74FCBBEC-105A-4006-A1FC-8EF4F80FD2D7}"
EndProject
Project("{FAE04EC0-301F-11D3-BF4B-00C04F79EFBC}") = "SimPe Helper", "..\SimPe Helper\SimPe Helper.csproj", "{59E3C353-1350-42D8-A045-CBBAD232F228}"
EndProject
Project("{FAE04EC0-301F-11D3-BF4B-00C04F79EFBC}") = "SimPe Packages", "..\SimPe Packages\SimPe Packages.csproj", "{1C6C45BF-FE19-4C23-B327-01F45B0F269C}"
EndProject
Project("{FAE04EC0-301F-11D3-BF4B-00C04F79EFBC}") = "SimPe Clst", "..\SimPe Clst\SimPe Clst.csproj", "{5DD89FD7-1E89-49D4-B48D-CC605D767C3B}"
EndProject
Project("{FAE04EC0-301F-11D3-BF4B-00C04F79EFBC}") = "SimPe HandlerCommon", "..\SimPe HandlerCommon\SimPe HandlerCommon.csproj", "{A4CC48FD-9574-4F0B-B721-9E8C1B1E6A8A}"
EndProject
Project("{FAE04EC0-301F-11D3-BF4B-00C04F79EFBC}") = "SimPe FileHandlers", "..\SimPe FileHandler\SimPe FileHandlers.csproj", "{97551C0A-6295-4E32-8E15-A4FF456E65A6}"
EndProject
Project("{FAE04EC0-301F-11D3-BF4B-00C04F79EFBC}") = "SimPe Cache", "..\SimPe Cache\SimPe Cache.csproj", "{C949FB46-0C06-4C5D-92AE-5DD7F6E53364}"
EndProject
Project("{FAE04EC0-301F-11D3-BF4B-00C04F79EFBC}") = "SimPe RCOL", "..\SimPe RCOL\SimPe RCOL.csproj", "{74517907-2236-4C45-80ED-E188D5E5CE0E}"
EndProject
Project("{FAE04EC0-301F-11D3-BF4B-00C04F79EFBC}") = "SimPe Geometry", "..\SimPe Geometry\SimPe Geometry.csproj", "{60367A6D-8FF1-4289-B546-C68A2C395843}"
EndProject
Project("{FAE04EC0-301F-11D3-BF4B-00C04F79EFBC}") = "SimPe GMDC Exporter Base", "..\SimPe GMDC Exporter Base\SimPe GMDC Exporter Base.csproj", "{76D6A8B3-10DF-4948-9028-C63A416AB00E}"
EndProject
Project("{FAE04EC0-301F-11D3-BF4B-00C04F79EFBC}") = "SimPe Name Provider", "..\SimPe Name Provider\SimPe Name Provider.csproj", "{38259F2B-9C90-48BE-A519-E4EEC62C242C}"
EndProject
Project("{FAE04EC0-301F-11D3-BF4B-00C04F79EFBC}") = "SimPe Extended Filehandlers", "..\SimPe Extended Filehandlers\SimPe Extended Filehandlers.csproj", "{7EF7C30C-2968-46E8-AA74-79EDB0FE8F2A}"
EndProject
Project("{FAE04EC0-301F-11D3-BF4B-00C04F79EFBC}") = "SimPe Scenegraph", "..\SimPe Scenegraph\SimPe Scenegraph.csproj", "{1151A88B-47AF-41DA-BCDF-DEFED0CC326E}"
EndProject
Project("{FAE04EC0-301F-11D3-BF4B-00C04F79EFBC}") = "SimPe 3IDR", "..\SimPe 3IDR\SimPe 3IDR.csproj", "{37D97490-DC9F-4DB7-9215-998C6BC06078}"
EndProject
Project("{FAE04EC0-301F-11D3-BF4B-00C04F79EFBC}") = "SimPe Commandline", "..\SimPe Commandline\SimPe Commandline.csproj", "{0D63B13E-F41B-456C-92D0-C0BB3FE8744F}"
EndProject
Project("{FAE04EC0-301F-11D3-BF4B-00C04F79EFBC}") = "SimPe Workspace Helper", "..\SimPe Workspace Helper\SimPe Workspace Helper.csproj", "{45021667-BAD2-4ECA-8423-F4734F914CBB}"
EndProject
Project("{FAE04EC0-301F-11D3-BF4B-00C04F79EFBC}") = "SimPe Sims", "..\SimPe Sims\SimPe Sims.csproj", "{9877B092-C8C0-4B84-B5A0-F9A68AA1C0E4}"
EndProject
Project("{FAE04EC0-301F-11D3-BF4B-00C04F79EFBC}") = "SimPe Main ResourceControl", "..\SimPe Main ResourceControl\SimPe Main ResourceControl.csproj", "{273792D6-4CB7-4ED5-A8FB-E213E7EE40AE}"
EndProject
Project("{FAE04EC0-301F-11D3-BF4B-00C04F79EFBC}") = "SimPe Main", "..\SimPe Main\SimPe Main.csproj", "{7368AF5F-2C82-4750-A31F-63AA4432758C}"
EndProject
Project("{FAE04EC0-301F-11D3-BF4B-00C04F79EFBC}") = "NetDocks", "..\..\..\NetDocks\NetDocks\NetDocks.csproj", "{F65B296C-6435-4AA9-A5DF-188BE363C43E}"
EndProject
Global
	GlobalSection(SolutionConfigurationPlatforms) = preSolution
		Debug|Any CPU = Debug|Any CPU
		Release MAC|Any CPU = Release MAC|Any CPU
		Release|Any CPU = Release|Any CPU
	EndGlobalSection
	GlobalSection(ProjectConfigurationPlatforms) = postSolution
		{74FCBBEC-105A-4006-A1FC-8EF4F80FD2D7}.Debug|Any CPU.ActiveCfg = Debug|Any CPU
		{74FCBBEC-105A-4006-A1FC-8EF4F80FD2D7}.Debug|Any CPU.Build.0 = Debug|Any CPU
		{74FCBBEC-105A-4006-A1FC-8EF4F80FD2D7}.Release MAC|Any CPU.ActiveCfg = Release MAC|Any CPU
		{74FCBBEC-105A-4006-A1FC-8EF4F80FD2D7}.Release MAC|Any CPU.Build.0 = Release MAC|Any CPU
		{74FCBBEC-105A-4006-A1FC-8EF4F80FD2D7}.Release|Any CPU.ActiveCfg = Release|Any CPU
		{74FCBBEC-105A-4006-A1FC-8EF4F80FD2D7}.Release|Any CPU.Build.0 = Release|Any CPU
		{59E3C353-1350-42D8-A045-CBBAD232F228}.Debug|Any CPU.ActiveCfg = Debug|Any CPU
		{59E3C353-1350-42D8-A045-CBBAD232F228}.Debug|Any CPU.Build.0 = Debug|Any CPU
		{59E3C353-1350-42D8-A045-CBBAD232F228}.Release MAC|Any CPU.ActiveCfg = Release Mac|Any CPU
		{59E3C353-1350-42D8-A045-CBBAD232F228}.Release MAC|Any CPU.Build.0 = Release Mac|Any CPU
		{59E3C353-1350-42D8-A045-CBBAD232F228}.Release|Any CPU.ActiveCfg = Release|Any CPU
		{59E3C353-1350-42D8-A045-CBBAD232F228}.Release|Any CPU.Build.0 = Release|Any CPU
		{1C6C45BF-FE19-4C23-B327-01F45B0F269C}.Debug|Any CPU.ActiveCfg = Debug|Any CPU
		{1C6C45BF-FE19-4C23-B327-01F45B0F269C}.Debug|Any CPU.Build.0 = Debug|Any CPU
		{1C6C45BF-FE19-4C23-B327-01F45B0F269C}.Release MAC|Any CPU.ActiveCfg = Release MAC|Any CPU
		{1C6C45BF-FE19-4C23-B327-01F45B0F269C}.Release MAC|Any CPU.Build.0 = Release MAC|Any CPU
		{1C6C45BF-FE19-4C23-B327-01F45B0F269C}.Release|Any CPU.ActiveCfg = Release|Any CPU
		{1C6C45BF-FE19-4C23-B327-01F45B0F269C}.Release|Any CPU.Build.0 = Release|Any CPU
		{5DD89FD7-1E89-49D4-B48D-CC605D767C3B}.Debug|Any CPU.ActiveCfg = Debug|Any CPU
		{5DD89FD7-1E89-49D4-B48D-CC605D767C3B}.Debug|Any CPU.Build.0 = Debug|Any CPU
		{5DD89FD7-1E89-49D4-B48D-CC605D767C3B}.Release MAC|Any CPU.ActiveCfg = Release MAC|Any CPU
		{5DD89FD7-1E89-49D4-B48D-CC605D767C3B}.Release MAC|Any CPU.Build.0 = Release MAC|Any CPU
		{5DD89FD7-1E89-49D4-B48D-CC605D767C3B}.Release|Any CPU.ActiveCfg = Release|Any CPU
		{5DD89FD7-1E89-49D4-B48D-CC605D767C3B}.Release|Any CPU.Build.0 = Release|Any CPU
		{A4CC48FD-9574-4F0B-B721-9E8C1B1E6A8A}.Debug|Any CPU.ActiveCfg = Debug|Any CPU
		{A4CC48FD-9574-4F0B-B721-9E8C1B1E6A8A}.Debug|Any CPU.Build.0 = Debug|Any CPU
		{A4CC48FD-9574-4F0B-B721-9E8C1B1E6A8A}.Release MAC|Any CPU.ActiveCfg = Release MAC|Any CPU
		{A4CC48FD-9574-4F0B-B721-9E8C1B1E6A8A}.Release MAC|Any CPU.Build.0 = Release MAC|Any CPU
		{A4CC48FD-9574-4F0B-B721-9E8C1B1E6A8A}.Release|Any CPU.ActiveCfg = Release|Any CPU
		{A4CC48FD-9574-4F0B-B721-9E8C1B1E6A8A}.Release|Any CPU.Build.0 = Release|Any CPU
		{97551C0A-6295-4E32-8E15-A4FF456E65A6}.Debug|Any CPU.ActiveCfg = Debug|Any CPU
		{97551C0A-6295-4E32-8E15-A4FF456E65A6}.Debug|Any CPU.Build.0 = Debug|Any CPU
		{97551C0A-6295-4E32-8E15-A4FF456E65A6}.Release MAC|Any CPU.ActiveCfg = Release MAC|Any CPU
		{97551C0A-6295-4E32-8E15-A4FF456E65A6}.Release MAC|Any CPU.Build.0 = Release MAC|Any CPU
		{97551C0A-6295-4E32-8E15-A4FF456E65A6}.Release|Any CPU.ActiveCfg = Release|Any CPU
		{97551C0A-6295-4E32-8E15-A4FF456E65A6}.Release|Any CPU.Build.0 = Release|Any CPU
		{C949FB46-0C06-4C5D-92AE-5DD7F6E53364}.Debug|Any CPU.ActiveCfg = Debug|Any CPU
		{C949FB46-0C06-4C5D-92AE-5DD7F6E53364}.Debug|Any CPU.Build.0 = Debug|Any CPU
		{C949FB46-0C06-4C5D-92AE-5DD7F6E53364}.Release MAC|Any CPU.ActiveCfg = Release MAC|Any CPU
		{C949FB46-0C06-4C5D-92AE-5DD7F6E53364}.Release MAC|Any CPU.Build.0 = Release MAC|Any CPU
		{C949FB46-0C06-4C5D-92AE-5DD7F6E53364}.Release|Any CPU.ActiveCfg = Release|Any CPU
		{C949FB46-0C06-4C5D-92AE-5DD7F6E53364}.Release|Any CPU.Build.0 = Release|Any CPU
		{74517907-2236-4C45-80ED-E188D5E5CE0E}.Debug|Any CPU.ActiveCfg = Debug|Any CPU
		{74517907-2236-4C45-80ED-E188D5E5CE0E}.Debug|Any CPU.Build.0 = Debug|Any CPU
		{74517907-2236-4C45-80ED-E188D5E5CE0E}.Release MAC|Any CPU.ActiveCfg = Release MAC|Any CPU
		{74517907-2236-4C45-80ED-E188D5E5CE0E}.Release MAC|Any CPU.Build.0 = Release MAC|Any CPU
		{74517907-2236-4C45-80ED-E188D5E5CE0E}.Release|Any CPU.ActiveCfg = Release|Any CPU
		{74517907-2236-4C45-80ED-E188D5E5CE0E}.Release|Any CPU.Build.0 = Release|Any CPU
		{60367A6D-8FF1-4289-B546-C68A2C395843}.Debug|Any CPU.ActiveCfg = Debug|Any CPU
		{60367A6D-8FF1-4289-B546-C68A2C395843}.Debug|Any CPU.Build.0 = Debug|Any CPU
		{60367A6D-8FF1-4289-B546-C68A2C395843}.Release MAC|Any CPU.ActiveCfg = Release MAC|Any CPU
		{60367A6D-8FF1-4289-B546-C68A2C395843}.Release MAC|Any CPU.Build.0 = Release MAC|Any CPU
		{60367A6D-8FF1-4289-B546-C68A2C395843}.Release|Any CPU.ActiveCfg = Release|Any CPU
		{60367A6D-8FF1-4289-B546-C68A2C395843}.Release|Any CPU.Build.0 = Release|Any CPU
		{76D6A8B3-10DF-4948-9028-C63A416AB00E}.Debug|Any CPU.ActiveCfg = Debug|Any CPU
		{76D6A8B3-10DF-4948-9028-C63A416AB00E}.Debug|Any CPU.Build.0 = Debug|Any CPU
		{76D6A8B3-10DF-4948-9028-C63A416AB00E}.Release MAC|Any CPU.ActiveCfg = Release MAC|Any CPU
		{76D6A8B3-10DF-4948-9028-C63A416AB00E}.Release MAC|Any CPU.Build.0 = Release MAC|Any CPU
		{76D6A8B3-10DF-4948-9028-C63A416AB00E}.Release|Any CPU.ActiveCfg = Release|Any CPU
		{76D6A8B3-10DF-4948-9028-C63A416AB00E}.Release|Any CPU.Build.0 = Release|Any CPU
		{38259F2B-9C90-48BE-A519-E4EEC62C242C}.Debug|Any CPU.ActiveCfg = Debug|Any CPU
		{38259F2B-9C90-48BE-A519-E4EEC62C242C}.Debug|Any CPU.Build.0 = Debug|Any CPU
		{38259F2B-9C90-48BE-A519-E4EEC62C242C}.Release MAC|Any CPU.ActiveCfg = Release MAC|Any CPU
		{38259F2B-9C90-48BE-A519-E4EEC62C242C}.Release MAC|Any CPU.Build.0 = Release MAC|Any CPU
		{38259F2B-9C90-48BE-A519-E4EEC62C242C}.Release|Any CPU.ActiveCfg = Release|Any CPU
		{38259F2B-9C90-48BE-A519-E4EEC62C242C}.Release|Any CPU.Build.0 = Release|Any CPU
		{7EF7C30C-2968-46E8-AA74-79EDB0FE8F2A}.Debug|Any CPU.ActiveCfg = Debug|Any CPU
		{7EF7C30C-2968-46E8-AA74-79EDB0FE8F2A}.Debug|Any CPU.Build.0 = Debug|Any CPU
		{7EF7C30C-2968-46E8-AA74-79EDB0FE8F2A}.Release MAC|Any CPU.ActiveCfg = Release MAC|Any CPU
		{7EF7C30C-2968-46E8-AA74-79EDB0FE8F2A}.Release MAC|Any CPU.Build.0 = Release MAC|Any CPU
		{7EF7C30C-2968-46E8-AA74-79EDB0FE8F2A}.Release|Any CPU.ActiveCfg = Release|Any CPU
		{7EF7C30C-2968-46E8-AA74-79EDB0FE8F2A}.Release|Any CPU.Build.0 = Release|Any CPU
		{1151A88B-47AF-41DA-BCDF-DEFED0CC326E}.Debug|Any CPU.ActiveCfg = Debug|Any CPU
		{1151A88B-47AF-41DA-BCDF-DEFED0CC326E}.Debug|Any CPU.Build.0 = Debug|Any CPU
		{1151A88B-47AF-41DA-BCDF-DEFED0CC326E}.Release MAC|Any CPU.ActiveCfg = Release MAC|Any CPU
		{1151A88B-47AF-41DA-BCDF-DEFED0CC326E}.Release MAC|Any CPU.Build.0 = Release MAC|Any CPU
		{1151A88B-47AF-41DA-BCDF-DEFED0CC326E}.Release|Any CPU.ActiveCfg = Release|Any CPU
		{1151A88B-47AF-41DA-BCDF-DEFED0CC326E}.Release|Any CPU.Build.0 = Release|Any CPU
		{37D97490-DC9F-4DB7-9215-998C6BC06078}.Debug|Any CPU.ActiveCfg = Debug|Any CPU
		{37D97490-DC9F-4DB7-9215-998C6BC06078}.Debug|Any CPU.Build.0 = Debug|Any CPU
		{37D97490-DC9F-4DB7-9215-998C6BC06078}.Release MAC|Any CPU.ActiveCfg = Release MAC|Any CPU
		{37D97490-DC9F-4DB7-9215-998C6BC06078}.Release MAC|Any CPU.Build.0 = Release MAC|Any CPU
		{37D97490-DC9F-4DB7-9215-998C6BC06078}.Release|Any CPU.ActiveCfg = Release|Any CPU
		{37D97490-DC9F-4DB7-9215-998C6BC06078}.Release|Any CPU.Build.0 = Release|Any CPU
		{0D63B13E-F41B-456C-92D0-C0BB3FE8744F}.Debug|Any CPU.ActiveCfg = Debug|Any CPU
		{0D63B13E-F41B-456C-92D0-C0BB3FE8744F}.Debug|Any CPU.Build.0 = Debug|Any CPU
		{0D63B13E-F41B-456C-92D0-C0BB3FE8744F}.Release MAC|Any CPU.ActiveCfg = Release MAC|Any CPU
		{0D63B13E-F41B-456C-92D0-C0BB3FE8744F}.Release MAC|Any CPU.Build.0 = Release MAC|Any CPU
		{0D63B13E-F41B-456C-92D0-C0BB3FE8744F}.Release|Any CPU.ActiveCfg = Release|Any CPU
		{0D63B13E-F41B-456C-92D0-C0BB3FE8744F}.Release|Any CPU.Build.0 = Release|Any CPU
		{45021667-BAD2-4ECA-8423-F4734F914CBB}.Debug|Any CPU.ActiveCfg = Debug|Any CPU
		{45021667-BAD2-4ECA-8423-F4734F914CBB}.Debug|Any CPU.Build.0 = Debug|Any CPU
		{45021667-BAD2-4ECA-8423-F4734F914CBB}.Release MAC|Any CPU.ActiveCfg = Release MAC|Any CPU
		{45021667-BAD2-4ECA-8423-F4734F914CBB}.Release MAC|Any CPU.Build.0 = Release MAC|Any CPU
		{45021667-BAD2-4ECA-8423-F4734F914CBB}.Release|Any CPU.ActiveCfg = Release|Any CPU
		{45021667-BAD2-4ECA-8423-F4734F914CBB}.Release|Any CPU.Build.0 = Release|Any CPU
		{9877B092-C8C0-4B84-B5A0-F9A68AA1C0E4}.Debug|Any CPU.ActiveCfg = Debug|Any CPU
		{9877B092-C8C0-4B84-B5A0-F9A68AA1C0E4}.Debug|Any CPU.Build.0 = Debug|Any CPU
		{9877B092-C8C0-4B84-B5A0-F9A68AA1C0E4}.Release MAC|Any CPU.ActiveCfg = Release|Any CPU
		{9877B092-C8C0-4B84-B5A0-F9A68AA1C0E4}.Release MAC|Any CPU.Build.0 = Release|Any CPU
		{9877B092-C8C0-4B84-B5A0-F9A68AA1C0E4}.Release|Any CPU.ActiveCfg = Release|Any CPU
		{9877B092-C8C0-4B84-B5A0-F9A68AA1C0E4}.Release|Any CPU.Build.0 = Release|Any CPU
		{273792D6-4CB7-4ED5-A8FB-E213E7EE40AE}.Debug|Any CPU.ActiveCfg = Debug|Any CPU
		{273792D6-4CB7-4ED5-A8FB-E213E7EE40AE}.Debug|Any CPU.Build.0 = Debug|Any CPU
		{273792D6-4CB7-4ED5-A8FB-E213E7EE40AE}.Release MAC|Any CPU.ActiveCfg = Release|Any CPU
		{273792D6-4CB7-4ED5-A8FB-E213E7EE40AE}.Release MAC|Any CPU.Build.0 = Release|Any CPU
		{273792D6-4CB7-4ED5-A8FB-E213E7EE40AE}.Release|Any CPU.ActiveCfg = Release|Any CPU
		{273792D6-4CB7-4ED5-A8FB-E213E7EE40AE}.Release|Any CPU.Build.0 = Release|Any CPU
		{7368AF5F-2C82-4750-A31F-63AA4432758C}.Debug|Any CPU.ActiveCfg = Debug|Any CPU
		{7368AF5F-2C82-4750-A31F-63AA4432758C}.Debug|Any CPU.Build.0 = Debug|Any CPU
		{7368AF5F-2C82-4750-A31F-63AA4432758C}.Release MAC|Any CPU.ActiveCfg = Release MAC|Any CPU
		{7368AF5F-2C82-4750-A31F-63AA4432758C}.Release MAC|Any CPU.Build.0 = Release MAC|Any CPU
		{7368AF5F-2C82-4750-A31F-63AA4432758C}.Release|Any CPU.ActiveCfg = Release|Any CPU
		{7368AF5F-2C82-4750-A31F-63AA4432758C}.Release|Any CPU.Build.0 = Release|Any CPU
		{F65B296C-6435-4AA9-A5DF-188BE363C43E}.Debug|Any CPU.ActiveCfg = Debug|Any CPU
		{F65B296C-6435-4AA9-A5DF-188BE363C43E}.Debug|Any CPU.Build.0 = Debug|Any CPU
		{F65B296C-6435-4AA9-A5DF-188BE363C43E}.Release MAC|Any CPU.ActiveCfg = Release|Any CPU
		{F65B296C-6435-4AA9-A5DF-188BE363C43E}.Release MAC|Any CPU.Build.0 = Release|Any CPU
		{F65B296C-6435-4AA9-A5DF-188BE363C43E}.Release|Any CPU.ActiveCfg = Release|Any CPU
		{F65B296C-6435-4AA9-A5DF-188BE363C43E}.Release|Any CPU.Build.0 = Release|Any CPU
	EndGlobalSection
	GlobalSection(SolutionProperties) = preSolution
		HideSolutionNode = FALSE
	EndGlobalSection
EndGlobal
