Microsoft Visual Studio Solution File, Format Version 8.00
Project("{FAE04EC0-301F-11D3-BF4B-00C04F79EFBC}") = "SimPe Copyright Plugin", "SimPe Copyright Plugin.csproj", "{06D06A6A-C49E-44B8-8EE4-C0F107D3A50D}"
	ProjectSection(ProjectDependencies) = postProject
	EndProjectSection
EndProject
Global
	GlobalSection(SolutionConfiguration) = preSolution
		Debug = Debug
		Debug Txtr = Debug Txtr
		Release = Release
		Release MAC = Release MAC
		Release PLJ = Release PLJ
	EndGlobalSection
	GlobalSection(ProjectConfiguration) = postSolution
		{06D06A6A-C49E-44B8-8EE4-C0F107D3A50D}.Debug.ActiveCfg = Debug|.NET
		{06D06A6A-C49E-44B8-8EE4-C0F107D3A50D}.Debug.Build.0 = Debug|.NET
		{06D06A6A-C49E-44B8-8EE4-C0F107D3A50D}.Debug Txtr.ActiveCfg = Debug|.NET
		{06D06A6A-C49E-44B8-8EE4-C0F107D3A50D}.Debug Txtr.Build.0 = Debug|.NET
		{06D06A6A-C49E-44B8-8EE4-C0F107D3A50D}.Release.ActiveCfg = Release|.NET
		{06D06A6A-C49E-44B8-8EE4-C0F107D3A50D}.Release.Build.0 = Release|.NET
		{06D06A6A-C49E-44B8-8EE4-C0F107D3A50D}.Release MAC.ActiveCfg = Release|.NET
		{06D06A6A-C49E-44B8-8EE4-C0F107D3A50D}.Release MAC.Build.0 = Release|.NET
		{06D06A6A-C49E-44B8-8EE4-C0F107D3A50D}.Release PLJ.ActiveCfg = Release|.NET
		{06D06A6A-C49E-44B8-8EE4-C0F107D3A50D}.Release PLJ.Build.0 = Release|.NET
	EndGlobalSection
	GlobalSection(ExtensibilityGlobals) = postSolution
	EndGlobalSection
	GlobalSection(ExtensibilityAddIns) = postSolution
	EndGlobalSection
EndGlobal
